<?xml version="1.0" encoding="utf-8"?>
<Project ToolsVersion="4.0" xmlns="http://schemas.microsoft.com/developer/msbuild/2003">
  <ItemGroup>
    <Filter Include="Source Files">
      <UniqueIdentifier>{4FC737F1-C7A5-4376-A066-2A32D752A2FF}</UniqueIdentifier>
      <Extensions>cpp;c;cc;cxx;c++;cppm;ixx;def;odl;idl;hpj;bat;asm;asmx</Extensions>
    </Filter>
    <Filter Include="Header Files">
      <UniqueIdentifier>{93995380-89BD-4b04-88EB-625FBE52EBFB}</UniqueIdentifier>
      <Extensions>h;hh;hpp;hxx;h++;hm;inl;inc;ipp;xsd</Extensions>
    </Filter>
    <Filter Include="Resource Files">
      <UniqueIdentifier>{67DA6AB6-F800-4c08-8B7A-83BB121AAD01}</UniqueIdentifier>
      <Extensions>rc;ico;cur;bmp;dlg;rc2;rct;bin;rgs;gif;jpg;jpeg;jpe;resx;tiff;tif;png;wav;mfcribbon-ms</Extensions>
    </Filter>
  </ItemGroup>
  <ItemGroup>
    <ClCompile Include="p0059_iostream.cpp">
      <Filter>Source Files</Filter>
    </ClCompile>
    <ClCompile Include="HeaderUnits.h">
      <Filter>Header Files</Filter>
    </ClCompile>
    <ClCompile Include="p0065_namespace.cpp">
      <Filter>Source Files</Filter>
    </ClCompile>
    <ClCompile Include="p0068_literal.cpp">
      <Filter>Source Files</Filter>
    </ClCompile>
    <ClCompile Include="p0071_int_max.cpp">
      <Filter>Source Files</Filter>
    </ClCompile>
    <ClCompile Include="p0072_zero_initialization.cpp">
      <Filter>Source Files</Filter>
    </ClCompile>
    <ClCompile Include="p0076_enumerated.cpp">
      <Filter>Source Files</Filter>
    </ClCompile>
    <ClCompile Include="p0080_struct.cpp">
      <Filter>Source Files</Filter>
    </ClCompile>
    <ClCompile Include="p0080_module.cppm">
      <Filter>Source Files</Filter>
    </ClCompile>
    <ClCompile Include="p0087_threewaycomparison.cpp">
      <Filter>Source Files</Filter>
    </ClCompile>
    <ClCompile Include="p0091_attribute.cpp">
      <Filter>Source Files</Filter>
    </ClCompile>
    <ClCompile Include="p0098_array.cpp">
      <Filter>Source Files</Filter>
    </ClCompile>
    <ClCompile Include="p0099_vector.cpp">
      <Filter>Source Files</Filter>
    </ClCompile>
    <ClCompile Include="p0100_pair.cpp">
      <Filter>Source Files</Filter>
    </ClCompile>
    <ClCompile Include="p0101_optional.cpp">
      <Filter>Source Files</Filter>
    </ClCompile>
    <ClCompile Include="p0102_binding.cpp">
      <Filter>Source Files</Filter>
    </ClCompile>
    <ClCompile Include="p0103_loop.cpp">
      <Filter>Source Files</Filter>
    </ClCompile>
    <ClCompile Include="p0107_string.cpp">
      <Filter>Source Files</Filter>
    </ClCompile>
    <ClCompile Include="p0108_AirlineTicket.cppm">
      <Filter>Source Files</Filter>
    </ClCompile>
    <ClCompile Include="p0108_AirlineTicket.cpp">
      <Filter>Source Files</Filter>
    </ClCompile>
    <ClCompile Include="p0108_AirlineTicketUse.cpp">
      <Filter>Source Files</Filter>
    </ClCompile>
    <ClCompile Include="p0112_scope.cpp">
      <Filter>Source Files</Filter>
    </ClCompile>
    <ClCompile Include="p0113_initClass.cpp">
      <Filter>Source Files</Filter>
    </ClCompile>
    <ClCompile Include="p0119_dynamic_memory.cpp">
      <Filter>Source Files</Filter>
    </ClCompile>
    <ClCompile Include="p0122_pointer.cpp">
      <Filter>Source Files</Filter>
    </ClCompile>
    <ClCompile Include="p0123_dynamic_array.cpp">
      <Filter>Source Files</Filter>
    </ClCompile>
    <ClCompile Include="p0124_const.cpp">
      <Filter>Source Files</Filter>
    </ClCompile>
    <ClCompile Include="p0129_constexpr.cpp">
      <Filter>Source Files</Filter>
    </ClCompile>
    <ClCompile Include="p0132_reference.cpp">
      <Filter>Source Files</Filter>
    </ClCompile>
    <ClCompile Include="p0142_reference_param.cpp">
      <Filter>Source Files</Filter>
    </ClCompile>
    <ClCompile Include="p0147_exception.cpp">
      <Filter>Source Files</Filter>
    </ClCompile>
    <ClCompile Include="p0149_TypeAlias.cpp">
      <Filter>Source Files</Filter>
    </ClCompile>
    <ClCompile Include="p0151_auto.cpp">
      <Filter>Source Files</Filter>
    </ClCompile>
    <ClCompile Include="p0152_auto_reference.cpp">
      <Filter>Source Files</Filter>
    </ClCompile>
    <ClCompile Include="p0156_Employee.cppm">
      <Filter>Source Files</Filter>
    </ClCompile>
    <ClCompile Include="p0156_Employee.cpp">
      <Filter>Source Files</Filter>
    </ClCompile>
    <ClCompile Include="p0156_EmployeeTest.cpp">
      <Filter>Source Files</Filter>
    </ClCompile>
    <ClCompile Include="p0156_Database.cppm">
      <Filter>Source Files</Filter>
    </ClCompile>
    <ClCompile Include="p0156_Database.cpp">
      <Filter>Source Files</Filter>
    </ClCompile>
    <ClCompile Include="p0156_DatabaseTest.cpp">
      <Filter>Source Files</Filter>
    </ClCompile>
    <ClCompile Include="p0156_main.cpp">
      <Filter>Source Files</Filter>
    </ClCompile>
    <ClCompile Include="p0338_memory.cpp">
      <Filter>Source Files</Filter>
    </ClCompile>
    <ClCompile Include="p0341_delete_pointer_array.cpp">
      <Filter>Source Files</Filter>
    </ClCompile>
    <ClCompile Include="p0344_double_ptr_alloc.cpp">
      <Filter>Source Files</Filter>
    </ClCompile>
    <ClCompile Include="p0348_array_pointer.cpp">
      <Filter>Source Files</Filter>
    </ClCompile>
    <ClCompile Include="p0358_memory_leak.cpp">
      <Filter>Source Files</Filter>
    </ClCompile>
    <ClCompile Include="p0363_unique_ptr.cpp">
      <Filter>Source Files</Filter>
    </ClCompile>
    <ClCompile Include="p0368_shared_ptr.cpp">
      <Filter>Source Files</Filter>
    </ClCompile>
    <ClCompile Include="p0373_weak_ptr.cpp">
      <Filter>Source Files</Filter>
    </ClCompile>
    <ClCompile Include="p0378_unique_shared_ptr.cpp">
      <Filter>Source Files</Filter>
    </ClCompile>
    <ClCompile Include="SpreadsheetCell.cppm">
      <Filter>Source Files</Filter>
    </ClCompile>
    <ClCompile Include="SpreadsheetCell.cpp">
      <Filter>Source Files</Filter>
    </ClCompile>
    <ClCompile Include="p0430_friend.cpp">
      <Filter>Source Files</Filter>
    </ClCompile>
    <ClCompile Include="Spreadsheet.cppm">
      <Filter>Source Files</Filter>
    </ClCompile>
    <ClCompile Include="Spreadsheet.cpp">
      <Filter>Source Files</Filter>
    </ClCompile>
    <ClCompile Include="p0437_dynamic_err.cpp">
      <Filter>Source Files</Filter>
    </ClCompile>
    <ClCompile Include="p0452_exchange.cpp">
      <Filter>Source Files</Filter>
    </ClCompile>
    <ClCompile Include="p0454_SpreadsheetTest.cpp">
      <Filter>Source Files</Filter>
    </ClCompile>
    <ClCompile Include="p0468_ref_qualified.cpp">
      <Filter>Source Files</Filter>
    </ClCompile>
    <ClCompile Include="p0506_inherit.cpp">
      <Filter>Source Files</Filter>
    </ClCompile>
    <ClCompile Include="p0529_super_constructor.cpp">
      <Filter>Source Files</Filter>
    </ClCompile>
  </ItemGroup>
</Project>