
Microsoft Visual Studio Solution File, Format Version 12.00
# Visual Studio Version 16
VisualStudioVersion = 16.0.31205.134
MinimumVisualStudioVersion = 10.0.40219.1
Project("{8BC9CEB8-8B4A-11D0-8D11-00A0C91BC942}") = "_01_CProject1", "CProject1\CProject1.vcxproj", "{6156C168-3B26-4586-89FF-965E653088D0}"
EndProject
Project("{8BC9CEB8-8B4A-11D0-8D11-00A0C91BC942}") = "_00_Computer1", "Computer1\Computer1.vcxproj", "{E3A9E0FC-9787-4769-9221-84C58252D1C4}"
EndProject
Project("{8BC9CEB8-8B4A-11D0-8D11-00A0C91BC942}") = "_02_CppProject1", "CppProject1\CppProject1.vcxproj", "{E89B8503-2FD9-482C-8F37-E32164812400}"
EndProject
Project("{8BC9CEB8-8B4A-11D0-8D11-00A0C91BC942}") = "_02_CppProject2", "_02_CppProject2\_02_CppProject2.vcxproj", "{79D2B884-BD22-48CB-98F8-66E26148273A}"
EndProject
Project("{8BC9CEB8-8B4A-11D0-8D11-00A0C91BC942}") = "MyWin32", "MyWin32\MyWin32.vcxproj", "{4034F710-05BA-4B5F-8BA3-1550F1435CA3}"
EndProject
Project("{8BC9CEB8-8B4A-11D0-8D11-00A0C91BC942}") = "ConsoleApplication1", "ConsoleApplication1\ConsoleApplication1.vcxproj", "{B277EE2E-A752-449F-86EA-C79489353426}"
EndProject
Project("{8BC9CEB8-8B4A-11D0-8D11-00A0C91BC942}") = "MyWin32Second", "MyWin32Second\MyWin32Second.vcxproj", "{433CE8C4-8F0B-4EC4-BBDA-ACDDF6B92923}"
EndProject
Project("{8BC9CEB8-8B4A-11D0-8D11-00A0C91BC942}") = "MyWin32Third", "MyWin32Third\MyWin32Third.vcxproj", "{95F870F9-A0C3-4996-ACBE-0C873C0A5C12}"
EndProject
Project("{8BC9CEB8-8B4A-11D0-8D11-00A0C91BC942}") = "_03_CAlgorithm1", "_03_CAlgorithm1\_03_CAlgorithm1.vcxproj", "{282661BB-42C9-43F8-A601-470828EC7FFE}"
EndProject
Project("{8BC9CEB8-8B4A-11D0-8D11-00A0C91BC942}") = "RealWinWiz", "RealWinWiz\RealWinWiz.vcxproj", "{0F8A5B15-A79D-4684-B21C-42AD75E4F64C}"
EndProject
Project("{8BC9CEB8-8B4A-11D0-8D11-00A0C91BC942}") = "RealWinWiz2", "RealWinWiz2\RealWinWiz2.vcxproj", "{9E8E8BA4-9200-41CB-B303-F459807FCB0D}"
EndProject
Project("{8BC9CEB8-8B4A-11D0-8D11-00A0C91BC942}") = "CppSTL", "CppSTL\CppSTL.vcxproj", "{9D7FD7AA-00A0-4E5A-959D-61C306D82E98}"
EndProject
Project("{8BC9CEB8-8B4A-11D0-8D11-00A0C91BC942}") = "CppSTL2", "CppSTL2\CppSTL2.vcxproj", "{E8892030-088F-4CCF-AA4C-3B4A85794DAF}"
EndProject
Project("{8BC9CEB8-8B4A-11D0-8D11-00A0C91BC942}") = "MusicPlayer", "MusicPlayer\MusicPlayer.vcxproj", "{8D3CB664-D8C7-479D-871B-627CC602C9FB}"
EndProject
Project("{8BC9CEB8-8B4A-11D0-8D11-00A0C91BC942}") = "MusicPlayer2", "MusicPlayer2\MusicPlayer2.vcxproj", "{AA7D711A-EFF6-46CC-8E8E-4791CDAA1BC7}"
EndProject
Project("{8BC9CEB8-8B4A-11D0-8D11-00A0C91BC942}") = "CDounut", "CDounut\CDounut.vcxproj", "{B8FCA198-5DA3-4EBD-959B-38007F38B0DB}"
EndProject
Project("{8BC9CEB8-8B4A-11D0-8D11-00A0C91BC942}") = "CrossPlatformLib", "CrossPlatformLib\CrossPlatformLib.vcxproj", "{075B27AA-6F4E-4C89-9FF6-59C393F0DC5B}"
EndProject
Project("{8BC9CEB8-8B4A-11D0-8D11-00A0C91BC942}") = "NotePadEx", "NotePadEx\NotePadEx.vcxproj", "{4BBE577E-ED45-46E5-B45A-0DFF07386DEC}"
EndProject
Project("{8BC9CEB8-8B4A-11D0-8D11-00A0C91BC942}") = "WinApi12_424", "WinApi12_424\WinApi12_424.vcxproj", "{57E27DF8-672C-43BD-B525-95B3503506FC}"
EndProject
Project("{8BC9CEB8-8B4A-11D0-8D11-00A0C91BC942}") = "WinApi12425Semaphore", "WinApi12425Semaphore\WinApi12425Semaphore.vcxproj", "{65DF414E-A8B3-4A88-91B9-64C8AC369544}"
EndProject
Project("{8BC9CEB8-8B4A-11D0-8D11-00A0C91BC942}") = "WinApi12426AutoReset", "WinApi12426AutoReset\WinApi12426AutoReset.vcxproj", "{87E79BEA-16C2-408D-8622-B056E8405845}"
EndProject
Project("{8BC9CEB8-8B4A-11D0-8D11-00A0C91BC942}") = "WinApi12427ManualReset", "WinApi12427ManualReset\WinApi12427ManualReset.vcxproj", "{A04DDC45-3E5B-4A08-9BFD-AC43B7F3438B}"
EndProject
Project("{8BC9CEB8-8B4A-11D0-8D11-00A0C91BC942}") = "ConsoleTest", "ConsoleTest\ConsoleTest.vcxproj", "{5DC14A30-390B-4194-BF1B-C08404AAF41C}"
EndProject
Project("{8BC9CEB8-8B4A-11D0-8D11-00A0C91BC942}") = "WinApi432MultibyteServerBasic1", "WinApi432MultibyteServerBasic1\WinApi432MultibyteServerBasic1.vcxproj", "{96ECB922-CD02-44B6-8FCA-8124E37E3CF0}"
EndProject
Project("{8BC9CEB8-8B4A-11D0-8D11-00A0C91BC942}") = "WinApi432MultibyteClientBasic1", "WinApi432MultibyteClientBasic1\WinApi432MultibyteClientBasic1.vcxproj", "{8C2EB4FE-9766-4CB9-9E1F-73F2BCE497FE}"
EndProject
Project("{8BC9CEB8-8B4A-11D0-8D11-00A0C91BC942}") = "WinApi433UnicodeClientBasic1", "WinApi433UnicodeClientBasic1\WinApi433UnicodeClientBasic1.vcxproj", "{2BC40DCE-CC76-4195-B846-68AC51706854}"
EndProject
Project("{8BC9CEB8-8B4A-11D0-8D11-00A0C91BC942}") = "WinApi441AsyncServer", "WinApi441AsyncServer\WinApi441AsyncServer.vcxproj", "{2C44DDF5-F419-4435-AB2C-E32A501DD950}"
EndProject
Project("{8BC9CEB8-8B4A-11D0-8D11-00A0C91BC942}") = "WinApi442AsyncClient", "WinApi442AsyncClient\WinApi442AsyncClient.vcxproj", "{B83C63F4-6B95-4C1A-BE42-5920ABF69ABD}"
EndProject
Project("{8BC9CEB8-8B4A-11D0-8D11-00A0C91BC942}") = "WinApi443AServer", "WinApi443AServer\WinApi443AServer.vcxproj", "{85B87C43-C9AF-4979-909D-A50D36A4CB5F}"
EndProject
Project("{8BC9CEB8-8B4A-11D0-8D11-00A0C91BC942}") = "WinApi444AClient", "WinApi444AClient\WinApi444AClient.vcxproj", "{7BB593DE-6337-4B91-A1C7-87EA8F917830}"
EndProject
Global
	GlobalSection(SolutionConfigurationPlatforms) = preSolution
		Debug|x64 = Debug|x64
		Debug|x86 = Debug|x86
		Release|x64 = Release|x64
		Release|x86 = Release|x86
	EndGlobalSection
	GlobalSection(ProjectConfigurationPlatforms) = postSolution
		{6156C168-3B26-4586-89FF-965E653088D0}.Debug|x64.ActiveCfg = Debug|x64
		{6156C168-3B26-4586-89FF-965E653088D0}.Debug|x64.Build.0 = Debug|x64
		{6156C168-3B26-4586-89FF-965E653088D0}.Debug|x86.ActiveCfg = Debug|Win32
		{6156C168-3B26-4586-89FF-965E653088D0}.Debug|x86.Build.0 = Debug|Win32
		{6156C168-3B26-4586-89FF-965E653088D0}.Release|x64.ActiveCfg = Release|x64
		{6156C168-3B26-4586-89FF-965E653088D0}.Release|x64.Build.0 = Release|x64
		{6156C168-3B26-4586-89FF-965E653088D0}.Release|x86.ActiveCfg = Release|Win32
		{6156C168-3B26-4586-89FF-965E653088D0}.Release|x86.Build.0 = Release|Win32
		{E3A9E0FC-9787-4769-9221-84C58252D1C4}.Debug|x64.ActiveCfg = Debug|x64
		{E3A9E0FC-9787-4769-9221-84C58252D1C4}.Debug|x64.Build.0 = Debug|x64
		{E3A9E0FC-9787-4769-9221-84C58252D1C4}.Debug|x86.ActiveCfg = Debug|Win32
		{E3A9E0FC-9787-4769-9221-84C58252D1C4}.Debug|x86.Build.0 = Debug|Win32
		{E3A9E0FC-9787-4769-9221-84C58252D1C4}.Release|x64.ActiveCfg = Release|x64
		{E3A9E0FC-9787-4769-9221-84C58252D1C4}.Release|x64.Build.0 = Release|x64
		{E3A9E0FC-9787-4769-9221-84C58252D1C4}.Release|x86.ActiveCfg = Release|Win32
		{E3A9E0FC-9787-4769-9221-84C58252D1C4}.Release|x86.Build.0 = Release|Win32
		{E89B8503-2FD9-482C-8F37-E32164812400}.Debug|x64.ActiveCfg = Debug|x64
		{E89B8503-2FD9-482C-8F37-E32164812400}.Debug|x64.Build.0 = Debug|x64
		{E89B8503-2FD9-482C-8F37-E32164812400}.Debug|x86.ActiveCfg = Debug|Win32
		{E89B8503-2FD9-482C-8F37-E32164812400}.Debug|x86.Build.0 = Debug|Win32
		{E89B8503-2FD9-482C-8F37-E32164812400}.Release|x64.ActiveCfg = Release|x64
		{E89B8503-2FD9-482C-8F37-E32164812400}.Release|x64.Build.0 = Release|x64
		{E89B8503-2FD9-482C-8F37-E32164812400}.Release|x86.ActiveCfg = Release|Win32
		{E89B8503-2FD9-482C-8F37-E32164812400}.Release|x86.Build.0 = Release|Win32
		{79D2B884-BD22-48CB-98F8-66E26148273A}.Debug|x64.ActiveCfg = Debug|x64
		{79D2B884-BD22-48CB-98F8-66E26148273A}.Debug|x64.Build.0 = Debug|x64
		{79D2B884-BD22-48CB-98F8-66E26148273A}.Debug|x86.ActiveCfg = Debug|Win32
		{79D2B884-BD22-48CB-98F8-66E26148273A}.Debug|x86.Build.0 = Debug|Win32
		{79D2B884-BD22-48CB-98F8-66E26148273A}.Release|x64.ActiveCfg = Release|x64
		{79D2B884-BD22-48CB-98F8-66E26148273A}.Release|x64.Build.0 = Release|x64
		{79D2B884-BD22-48CB-98F8-66E26148273A}.Release|x86.ActiveCfg = Release|Win32
		{79D2B884-BD22-48CB-98F8-66E26148273A}.Release|x86.Build.0 = Release|Win32
		{4034F710-05BA-4B5F-8BA3-1550F1435CA3}.Debug|x64.ActiveCfg = Debug|x64
		{4034F710-05BA-4B5F-8BA3-1550F1435CA3}.Debug|x64.Build.0 = Debug|x64
		{4034F710-05BA-4B5F-8BA3-1550F1435CA3}.Debug|x86.ActiveCfg = Debug|Win32
		{4034F710-05BA-4B5F-8BA3-1550F1435CA3}.Debug|x86.Build.0 = Debug|Win32
		{4034F710-05BA-4B5F-8BA3-1550F1435CA3}.Release|x64.ActiveCfg = Release|x64
		{4034F710-05BA-4B5F-8BA3-1550F1435CA3}.Release|x64.Build.0 = Release|x64
		{4034F710-05BA-4B5F-8BA3-1550F1435CA3}.Release|x86.ActiveCfg = Release|Win32
		{4034F710-05BA-4B5F-8BA3-1550F1435CA3}.Release|x86.Build.0 = Release|Win32
		{B277EE2E-A752-449F-86EA-C79489353426}.Debug|x64.ActiveCfg = Debug|x64
		{B277EE2E-A752-449F-86EA-C79489353426}.Debug|x64.Build.0 = Debug|x64
		{B277EE2E-A752-449F-86EA-C79489353426}.Debug|x86.ActiveCfg = Debug|Win32
		{B277EE2E-A752-449F-86EA-C79489353426}.Debug|x86.Build.0 = Debug|Win32
		{B277EE2E-A752-449F-86EA-C79489353426}.Release|x64.ActiveCfg = Release|x64
		{B277EE2E-A752-449F-86EA-C79489353426}.Release|x64.Build.0 = Release|x64
		{B277EE2E-A752-449F-86EA-C79489353426}.Release|x86.ActiveCfg = Release|Win32
		{B277EE2E-A752-449F-86EA-C79489353426}.Release|x86.Build.0 = Release|Win32
		{433CE8C4-8F0B-4EC4-BBDA-ACDDF6B92923}.Debug|x64.ActiveCfg = Debug|x64
		{433CE8C4-8F0B-4EC4-BBDA-ACDDF6B92923}.Debug|x64.Build.0 = Debug|x64
		{433CE8C4-8F0B-4EC4-BBDA-ACDDF6B92923}.Debug|x86.ActiveCfg = Debug|Win32
		{433CE8C4-8F0B-4EC4-BBDA-ACDDF6B92923}.Debug|x86.Build.0 = Debug|Win32
		{433CE8C4-8F0B-4EC4-BBDA-ACDDF6B92923}.Release|x64.ActiveCfg = Release|x64
		{433CE8C4-8F0B-4EC4-BBDA-ACDDF6B92923}.Release|x64.Build.0 = Release|x64
		{433CE8C4-8F0B-4EC4-BBDA-ACDDF6B92923}.Release|x86.ActiveCfg = Release|Win32
		{433CE8C4-8F0B-4EC4-BBDA-ACDDF6B92923}.Release|x86.Build.0 = Release|Win32
		{95F870F9-A0C3-4996-ACBE-0C873C0A5C12}.Debug|x64.ActiveCfg = Debug|x64
		{95F870F9-A0C3-4996-ACBE-0C873C0A5C12}.Debug|x64.Build.0 = Debug|x64
		{95F870F9-A0C3-4996-ACBE-0C873C0A5C12}.Debug|x86.ActiveCfg = Debug|Win32
		{95F870F9-A0C3-4996-ACBE-0C873C0A5C12}.Debug|x86.Build.0 = Debug|Win32
		{95F870F9-A0C3-4996-ACBE-0C873C0A5C12}.Release|x64.ActiveCfg = Release|x64
		{95F870F9-A0C3-4996-ACBE-0C873C0A5C12}.Release|x64.Build.0 = Release|x64
		{95F870F9-A0C3-4996-ACBE-0C873C0A5C12}.Release|x86.ActiveCfg = Release|Win32
		{95F870F9-A0C3-4996-ACBE-0C873C0A5C12}.Release|x86.Build.0 = Release|Win32
		{282661BB-42C9-43F8-A601-470828EC7FFE}.Debug|x64.ActiveCfg = Debug|x64
		{282661BB-42C9-43F8-A601-470828EC7FFE}.Debug|x64.Build.0 = Debug|x64
		{282661BB-42C9-43F8-A601-470828EC7FFE}.Debug|x86.ActiveCfg = Debug|Win32
		{282661BB-42C9-43F8-A601-470828EC7FFE}.Debug|x86.Build.0 = Debug|Win32
		{282661BB-42C9-43F8-A601-470828EC7FFE}.Release|x64.ActiveCfg = Release|x64
		{282661BB-42C9-43F8-A601-470828EC7FFE}.Release|x64.Build.0 = Release|x64
		{282661BB-42C9-43F8-A601-470828EC7FFE}.Release|x86.ActiveCfg = Release|Win32
		{282661BB-42C9-43F8-A601-470828EC7FFE}.Release|x86.Build.0 = Release|Win32
		{0F8A5B15-A79D-4684-B21C-42AD75E4F64C}.Debug|x64.ActiveCfg = Debug|x64
		{0F8A5B15-A79D-4684-B21C-42AD75E4F64C}.Debug|x64.Build.0 = Debug|x64
		{0F8A5B15-A79D-4684-B21C-42AD75E4F64C}.Debug|x86.ActiveCfg = Debug|Win32
		{0F8A5B15-A79D-4684-B21C-42AD75E4F64C}.Debug|x86.Build.0 = Debug|Win32
		{0F8A5B15-A79D-4684-B21C-42AD75E4F64C}.Release|x64.ActiveCfg = Release|x64
		{0F8A5B15-A79D-4684-B21C-42AD75E4F64C}.Release|x64.Build.0 = Release|x64
		{0F8A5B15-A79D-4684-B21C-42AD75E4F64C}.Release|x86.ActiveCfg = Release|Win32
		{0F8A5B15-A79D-4684-B21C-42AD75E4F64C}.Release|x86.Build.0 = Release|Win32
		{9E8E8BA4-9200-41CB-B303-F459807FCB0D}.Debug|x64.ActiveCfg = Debug|x64
		{9E8E8BA4-9200-41CB-B303-F459807FCB0D}.Debug|x64.Build.0 = Debug|x64
		{9E8E8BA4-9200-41CB-B303-F459807FCB0D}.Debug|x86.ActiveCfg = Debug|Win32
		{9E8E8BA4-9200-41CB-B303-F459807FCB0D}.Debug|x86.Build.0 = Debug|Win32
		{9E8E8BA4-9200-41CB-B303-F459807FCB0D}.Release|x64.ActiveCfg = Release|x64
		{9E8E8BA4-9200-41CB-B303-F459807FCB0D}.Release|x64.Build.0 = Release|x64
		{9E8E8BA4-9200-41CB-B303-F459807FCB0D}.Release|x86.ActiveCfg = Release|Win32
		{9E8E8BA4-9200-41CB-B303-F459807FCB0D}.Release|x86.Build.0 = Release|Win32
		{9D7FD7AA-00A0-4E5A-959D-61C306D82E98}.Debug|x64.ActiveCfg = Debug|x64
		{9D7FD7AA-00A0-4E5A-959D-61C306D82E98}.Debug|x64.Build.0 = Debug|x64
		{9D7FD7AA-00A0-4E5A-959D-61C306D82E98}.Debug|x86.ActiveCfg = Debug|Win32
		{9D7FD7AA-00A0-4E5A-959D-61C306D82E98}.Debug|x86.Build.0 = Debug|Win32
		{9D7FD7AA-00A0-4E5A-959D-61C306D82E98}.Release|x64.ActiveCfg = Release|x64
		{9D7FD7AA-00A0-4E5A-959D-61C306D82E98}.Release|x64.Build.0 = Release|x64
		{9D7FD7AA-00A0-4E5A-959D-61C306D82E98}.Release|x86.ActiveCfg = Release|Win32
		{9D7FD7AA-00A0-4E5A-959D-61C306D82E98}.Release|x86.Build.0 = Release|Win32
		{E8892030-088F-4CCF-AA4C-3B4A85794DAF}.Debug|x64.ActiveCfg = Debug|x64
		{E8892030-088F-4CCF-AA4C-3B4A85794DAF}.Debug|x64.Build.0 = Debug|x64
		{E8892030-088F-4CCF-AA4C-3B4A85794DAF}.Debug|x86.ActiveCfg = Debug|Win32
		{E8892030-088F-4CCF-AA4C-3B4A85794DAF}.Debug|x86.Build.0 = Debug|Win32
		{E8892030-088F-4CCF-AA4C-3B4A85794DAF}.Release|x64.ActiveCfg = Release|x64
		{E8892030-088F-4CCF-AA4C-3B4A85794DAF}.Release|x64.Build.0 = Release|x64
		{E8892030-088F-4CCF-AA4C-3B4A85794DAF}.Release|x86.ActiveCfg = Release|Win32
		{E8892030-088F-4CCF-AA4C-3B4A85794DAF}.Release|x86.Build.0 = Release|Win32
		{8D3CB664-D8C7-479D-871B-627CC602C9FB}.Debug|x64.ActiveCfg = Debug|x64
		{8D3CB664-D8C7-479D-871B-627CC602C9FB}.Debug|x64.Build.0 = Debug|x64
		{8D3CB664-D8C7-479D-871B-627CC602C9FB}.Debug|x86.ActiveCfg = Debug|Win32
		{8D3CB664-D8C7-479D-871B-627CC602C9FB}.Debug|x86.Build.0 = Debug|Win32
		{8D3CB664-D8C7-479D-871B-627CC602C9FB}.Release|x64.ActiveCfg = Release|x64
		{8D3CB664-D8C7-479D-871B-627CC602C9FB}.Release|x64.Build.0 = Release|x64
		{8D3CB664-D8C7-479D-871B-627CC602C9FB}.Release|x86.ActiveCfg = Release|Win32
		{8D3CB664-D8C7-479D-871B-627CC602C9FB}.Release|x86.Build.0 = Release|Win32
		{AA7D711A-EFF6-46CC-8E8E-4791CDAA1BC7}.Debug|x64.ActiveCfg = Debug|x64
		{AA7D711A-EFF6-46CC-8E8E-4791CDAA1BC7}.Debug|x64.Build.0 = Debug|x64
		{AA7D711A-EFF6-46CC-8E8E-4791CDAA1BC7}.Debug|x86.ActiveCfg = Debug|Win32
		{AA7D711A-EFF6-46CC-8E8E-4791CDAA1BC7}.Debug|x86.Build.0 = Debug|Win32
		{AA7D711A-EFF6-46CC-8E8E-4791CDAA1BC7}.Release|x64.ActiveCfg = Release|x64
		{AA7D711A-EFF6-46CC-8E8E-4791CDAA1BC7}.Release|x64.Build.0 = Release|x64
		{AA7D711A-EFF6-46CC-8E8E-4791CDAA1BC7}.Release|x86.ActiveCfg = Release|Win32
		{AA7D711A-EFF6-46CC-8E8E-4791CDAA1BC7}.Release|x86.Build.0 = Release|Win32
		{B8FCA198-5DA3-4EBD-959B-38007F38B0DB}.Debug|x64.ActiveCfg = Debug|x64
		{B8FCA198-5DA3-4EBD-959B-38007F38B0DB}.Debug|x64.Build.0 = Debug|x64
		{B8FCA198-5DA3-4EBD-959B-38007F38B0DB}.Debug|x86.ActiveCfg = Debug|Win32
		{B8FCA198-5DA3-4EBD-959B-38007F38B0DB}.Debug|x86.Build.0 = Debug|Win32
		{B8FCA198-5DA3-4EBD-959B-38007F38B0DB}.Release|x64.ActiveCfg = Release|x64
		{B8FCA198-5DA3-4EBD-959B-38007F38B0DB}.Release|x64.Build.0 = Release|x64
		{B8FCA198-5DA3-4EBD-959B-38007F38B0DB}.Release|x86.ActiveCfg = Release|Win32
		{B8FCA198-5DA3-4EBD-959B-38007F38B0DB}.Release|x86.Build.0 = Release|Win32
		{075B27AA-6F4E-4C89-9FF6-59C393F0DC5B}.Debug|x64.ActiveCfg = Debug|x64
		{075B27AA-6F4E-4C89-9FF6-59C393F0DC5B}.Debug|x64.Build.0 = Debug|x64
		{075B27AA-6F4E-4C89-9FF6-59C393F0DC5B}.Debug|x86.ActiveCfg = Debug|Win32
		{075B27AA-6F4E-4C89-9FF6-59C393F0DC5B}.Debug|x86.Build.0 = Debug|Win32
		{075B27AA-6F4E-4C89-9FF6-59C393F0DC5B}.Release|x64.ActiveCfg = Release|x64
		{075B27AA-6F4E-4C89-9FF6-59C393F0DC5B}.Release|x64.Build.0 = Release|x64
		{075B27AA-6F4E-4C89-9FF6-59C393F0DC5B}.Release|x86.ActiveCfg = Release|Win32
		{075B27AA-6F4E-4C89-9FF6-59C393F0DC5B}.Release|x86.Build.0 = Release|Win32
		{4BBE577E-ED45-46E5-B45A-0DFF07386DEC}.Debug|x64.ActiveCfg = Debug|x64
		{4BBE577E-ED45-46E5-B45A-0DFF07386DEC}.Debug|x64.Build.0 = Debug|x64
		{4BBE577E-ED45-46E5-B45A-0DFF07386DEC}.Debug|x86.ActiveCfg = Debug|Win32
		{4BBE577E-ED45-46E5-B45A-0DFF07386DEC}.Debug|x86.Build.0 = Debug|Win32
		{4BBE577E-ED45-46E5-B45A-0DFF07386DEC}.Release|x64.ActiveCfg = Release|x64
		{4BBE577E-ED45-46E5-B45A-0DFF07386DEC}.Release|x64.Build.0 = Release|x64
		{4BBE577E-ED45-46E5-B45A-0DFF07386DEC}.Release|x86.ActiveCfg = Release|Win32
		{4BBE577E-ED45-46E5-B45A-0DFF07386DEC}.Release|x86.Build.0 = Release|Win32
		{57E27DF8-672C-43BD-B525-95B3503506FC}.Debug|x64.ActiveCfg = Debug|x64
		{57E27DF8-672C-43BD-B525-95B3503506FC}.Debug|x64.Build.0 = Debug|x64
		{57E27DF8-672C-43BD-B525-95B3503506FC}.Debug|x86.ActiveCfg = Debug|Win32
		{57E27DF8-672C-43BD-B525-95B3503506FC}.Debug|x86.Build.0 = Debug|Win32
		{57E27DF8-672C-43BD-B525-95B3503506FC}.Release|x64.ActiveCfg = Release|x64
		{57E27DF8-672C-43BD-B525-95B3503506FC}.Release|x64.Build.0 = Release|x64
		{57E27DF8-672C-43BD-B525-95B3503506FC}.Release|x86.ActiveCfg = Release|Win32
		{57E27DF8-672C-43BD-B525-95B3503506FC}.Release|x86.Build.0 = Release|Win32
		{65DF414E-A8B3-4A88-91B9-64C8AC369544}.Debug|x64.ActiveCfg = Debug|x64
		{65DF414E-A8B3-4A88-91B9-64C8AC369544}.Debug|x64.Build.0 = Debug|x64
		{65DF414E-A8B3-4A88-91B9-64C8AC369544}.Debug|x86.ActiveCfg = Debug|Win32
		{65DF414E-A8B3-4A88-91B9-64C8AC369544}.Debug|x86.Build.0 = Debug|Win32
		{65DF414E-A8B3-4A88-91B9-64C8AC369544}.Release|x64.ActiveCfg = Release|x64
		{65DF414E-A8B3-4A88-91B9-64C8AC369544}.Release|x64.Build.0 = Release|x64
		{65DF414E-A8B3-4A88-91B9-64C8AC369544}.Release|x86.ActiveCfg = Release|Win32
		{65DF414E-A8B3-4A88-91B9-64C8AC369544}.Release|x86.Build.0 = Release|Win32
		{87E79BEA-16C2-408D-8622-B056E8405845}.Debug|x64.ActiveCfg = Debug|x64
		{87E79BEA-16C2-408D-8622-B056E8405845}.Debug|x64.Build.0 = Debug|x64
		{87E79BEA-16C2-408D-8622-B056E8405845}.Debug|x86.ActiveCfg = Debug|Win32
		{87E79BEA-16C2-408D-8622-B056E8405845}.Debug|x86.Build.0 = Debug|Win32
		{87E79BEA-16C2-408D-8622-B056E8405845}.Release|x64.ActiveCfg = Release|x64
		{87E79BEA-16C2-408D-8622-B056E8405845}.Release|x64.Build.0 = Release|x64
		{87E79BEA-16C2-408D-8622-B056E8405845}.Release|x86.ActiveCfg = Release|Win32
		{87E79BEA-16C2-408D-8622-B056E8405845}.Release|x86.Build.0 = Release|Win32
		{A04DDC45-3E5B-4A08-9BFD-AC43B7F3438B}.Debug|x64.ActiveCfg = Debug|x64
		{A04DDC45-3E5B-4A08-9BFD-AC43B7F3438B}.Debug|x64.Build.0 = Debug|x64
		{A04DDC45-3E5B-4A08-9BFD-AC43B7F3438B}.Debug|x86.ActiveCfg = Debug|Win32
		{A04DDC45-3E5B-4A08-9BFD-AC43B7F3438B}.Debug|x86.Build.0 = Debug|Win32
		{A04DDC45-3E5B-4A08-9BFD-AC43B7F3438B}.Release|x64.ActiveCfg = Release|x64
		{A04DDC45-3E5B-4A08-9BFD-AC43B7F3438B}.Release|x64.Build.0 = Release|x64
		{A04DDC45-3E5B-4A08-9BFD-AC43B7F3438B}.Release|x86.ActiveCfg = Release|Win32
		{A04DDC45-3E5B-4A08-9BFD-AC43B7F3438B}.Release|x86.Build.0 = Release|Win32
		{5DC14A30-390B-4194-BF1B-C08404AAF41C}.Debug|x64.ActiveCfg = Debug|x64
		{5DC14A30-390B-4194-BF1B-C08404AAF41C}.Debug|x64.Build.0 = Debug|x64
		{5DC14A30-390B-4194-BF1B-C08404AAF41C}.Debug|x86.ActiveCfg = Debug|Win32
		{5DC14A30-390B-4194-BF1B-C08404AAF41C}.Debug|x86.Build.0 = Debug|Win32
		{5DC14A30-390B-4194-BF1B-C08404AAF41C}.Release|x64.ActiveCfg = Release|x64
		{5DC14A30-390B-4194-BF1B-C08404AAF41C}.Release|x64.Build.0 = Release|x64
		{5DC14A30-390B-4194-BF1B-C08404AAF41C}.Release|x86.ActiveCfg = Release|Win32
		{5DC14A30-390B-4194-BF1B-C08404AAF41C}.Release|x86.Build.0 = Release|Win32
		{96ECB922-CD02-44B6-8FCA-8124E37E3CF0}.Debug|x64.ActiveCfg = Debug|x64
		{96ECB922-CD02-44B6-8FCA-8124E37E3CF0}.Debug|x64.Build.0 = Debug|x64
		{96ECB922-CD02-44B6-8FCA-8124E37E3CF0}.Debug|x86.ActiveCfg = Debug|Win32
		{96ECB922-CD02-44B6-8FCA-8124E37E3CF0}.Debug|x86.Build.0 = Debug|Win32
		{96ECB922-CD02-44B6-8FCA-8124E37E3CF0}.Release|x64.ActiveCfg = Release|x64
		{96ECB922-CD02-44B6-8FCA-8124E37E3CF0}.Release|x64.Build.0 = Release|x64
		{96ECB922-CD02-44B6-8FCA-8124E37E3CF0}.Release|x86.ActiveCfg = Release|Win32
		{96ECB922-CD02-44B6-8FCA-8124E37E3CF0}.Release|x86.Build.0 = Release|Win32
		{8C2EB4FE-9766-4CB9-9E1F-73F2BCE497FE}.Debug|x64.ActiveCfg = Debug|x64
		{8C2EB4FE-9766-4CB9-9E1F-73F2BCE497FE}.Debug|x64.Build.0 = Debug|x64
		{8C2EB4FE-9766-4CB9-9E1F-73F2BCE497FE}.Debug|x86.ActiveCfg = Debug|Win32
		{8C2EB4FE-9766-4CB9-9E1F-73F2BCE497FE}.Debug|x86.Build.0 = Debug|Win32
		{8C2EB4FE-9766-4CB9-9E1F-73F2BCE497FE}.Release|x64.ActiveCfg = Release|x64
		{8C2EB4FE-9766-4CB9-9E1F-73F2BCE497FE}.Release|x64.Build.0 = Release|x64
		{8C2EB4FE-9766-4CB9-9E1F-73F2BCE497FE}.Release|x86.ActiveCfg = Release|Win32
		{8C2EB4FE-9766-4CB9-9E1F-73F2BCE497FE}.Release|x86.Build.0 = Release|Win32
		{2BC40DCE-CC76-4195-B846-68AC51706854}.Debug|x64.ActiveCfg = Debug|x64
		{2BC40DCE-CC76-4195-B846-68AC51706854}.Debug|x64.Build.0 = Debug|x64
		{2BC40DCE-CC76-4195-B846-68AC51706854}.Debug|x86.ActiveCfg = Debug|Win32
		{2BC40DCE-CC76-4195-B846-68AC51706854}.Debug|x86.Build.0 = Debug|Win32
		{2BC40DCE-CC76-4195-B846-68AC51706854}.Release|x64.ActiveCfg = Release|x64
		{2BC40DCE-CC76-4195-B846-68AC51706854}.Release|x64.Build.0 = Release|x64
		{2BC40DCE-CC76-4195-B846-68AC51706854}.Release|x86.ActiveCfg = Release|Win32
		{2BC40DCE-CC76-4195-B846-68AC51706854}.Release|x86.Build.0 = Release|Win32
		{2C44DDF5-F419-4435-AB2C-E32A501DD950}.Debug|x64.ActiveCfg = Debug|x64
		{2C44DDF5-F419-4435-AB2C-E32A501DD950}.Debug|x64.Build.0 = Debug|x64
		{2C44DDF5-F419-4435-AB2C-E32A501DD950}.Debug|x86.ActiveCfg = Debug|Win32
		{2C44DDF5-F419-4435-AB2C-E32A501DD950}.Debug|x86.Build.0 = Debug|Win32
		{2C44DDF5-F419-4435-AB2C-E32A501DD950}.Release|x64.ActiveCfg = Release|x64
		{2C44DDF5-F419-4435-AB2C-E32A501DD950}.Release|x64.Build.0 = Release|x64
		{2C44DDF5-F419-4435-AB2C-E32A501DD950}.Release|x86.ActiveCfg = Release|Win32
		{2C44DDF5-F419-4435-AB2C-E32A501DD950}.Release|x86.Build.0 = Release|Win32
		{B83C63F4-6B95-4C1A-BE42-5920ABF69ABD}.Debug|x64.ActiveCfg = Debug|x64
		{B83C63F4-6B95-4C1A-BE42-5920ABF69ABD}.Debug|x64.Build.0 = Debug|x64
		{B83C63F4-6B95-4C1A-BE42-5920ABF69ABD}.Debug|x86.ActiveCfg = Debug|Win32
		{B83C63F4-6B95-4C1A-BE42-5920ABF69ABD}.Debug|x86.Build.0 = Debug|Win32
		{B83C63F4-6B95-4C1A-BE42-5920ABF69ABD}.Release|x64.ActiveCfg = Release|x64
		{B83C63F4-6B95-4C1A-BE42-5920ABF69ABD}.Release|x64.Build.0 = Release|x64
		{B83C63F4-6B95-4C1A-BE42-5920ABF69ABD}.Release|x86.ActiveCfg = Release|Win32
		{B83C63F4-6B95-4C1A-BE42-5920ABF69ABD}.Release|x86.Build.0 = Release|Win32
		{85B87C43-C9AF-4979-909D-A50D36A4CB5F}.Debug|x64.ActiveCfg = Debug|x64
		{85B87C43-C9AF-4979-909D-A50D36A4CB5F}.Debug|x64.Build.0 = Debug|x64
		{85B87C43-C9AF-4979-909D-A50D36A4CB5F}.Debug|x86.ActiveCfg = Debug|Win32
		{85B87C43-C9AF-4979-909D-A50D36A4CB5F}.Debug|x86.Build.0 = Debug|Win32
		{85B87C43-C9AF-4979-909D-A50D36A4CB5F}.Release|x64.ActiveCfg = Release|x64
		{85B87C43-C9AF-4979-909D-A50D36A4CB5F}.Release|x64.Build.0 = Release|x64
		{85B87C43-C9AF-4979-909D-A50D36A4CB5F}.Release|x86.ActiveCfg = Release|Win32
		{85B87C43-C9AF-4979-909D-A50D36A4CB5F}.Release|x86.Build.0 = Release|Win32
		{7BB593DE-6337-4B91-A1C7-87EA8F917830}.Debug|x64.ActiveCfg = Debug|x64
		{7BB593DE-6337-4B91-A1C7-87EA8F917830}.Debug|x64.Build.0 = Debug|x64
		{7BB593DE-6337-4B91-A1C7-87EA8F917830}.Debug|x86.ActiveCfg = Debug|Win32
		{7BB593DE-6337-4B91-A1C7-87EA8F917830}.Debug|x86.Build.0 = Debug|Win32
		{7BB593DE-6337-4B91-A1C7-87EA8F917830}.Release|x64.ActiveCfg = Release|x64
		{7BB593DE-6337-4B91-A1C7-87EA8F917830}.Release|x64.Build.0 = Release|x64
		{7BB593DE-6337-4B91-A1C7-87EA8F917830}.Release|x86.ActiveCfg = Release|Win32
		{7BB593DE-6337-4B91-A1C7-87EA8F917830}.Release|x86.Build.0 = Release|Win32
	EndGlobalSection
	GlobalSection(SolutionProperties) = preSolution
		HideSolutionNode = FALSE
	EndGlobalSection
	GlobalSection(ExtensibilityGlobals) = postSolution
		SolutionGuid = {A8940169-B00A-4088-BE01-B07E55E06485}
	EndGlobalSection
EndGlobal
