
Microsoft Visual Studio Solution File, Format Version 12.00
# Visual Studio Version 16
VisualStudioVersion = 16.0.31205.134
MinimumVisualStudioVersion = 10.0.40219.1
Project("{8BC9CEB8-8B4A-11D0-8D11-00A0C91BC942}") = "_01_CProject1", "CProject1\CProject1.vcxproj", "{6156C168-3B26-4586-89FF-965E653088D0}"
EndProject
Project("{8BC9CEB8-8B4A-11D0-8D11-00A0C91BC942}") = "_00_Computer1", "Computer1\Computer1.vcxproj", "{E3A9E0FC-9787-4769-9221-84C58252D1C4}"
EndProject
Project("{8BC9CEB8-8B4A-11D0-8D11-00A0C91BC942}") = "_02_CppProject1", "CppProject1\CppProject1.vcxproj", "{E89B8503-2FD9-482C-8F37-E32164812400}"
EndProject
Project("{8BC9CEB8-8B4A-11D0-8D11-00A0C91BC942}") = "_02_CppProject2", "_02_CppProject2\_02_CppProject2.vcxproj", "{79D2B884-BD22-48CB-98F8-66E26148273A}"
EndProject
Project("{8BC9CEB8-8B4A-11D0-8D11-00A0C91BC942}") = "MyWin32", "MyWin32\MyWin32.vcxproj", "{4034F710-05BA-4B5F-8BA3-1550F1435CA3}"
EndProject
Project("{8BC9CEB8-8B4A-11D0-8D11-00A0C91BC942}") = "ConsoleApplication1", "ConsoleApplication1\ConsoleApplication1.vcxproj", "{B277EE2E-A752-449F-86EA-C79489353426}"
EndProject
Project("{8BC9CEB8-8B4A-11D0-8D11-00A0C91BC942}") = "MyWin32Second", "MyWin32Second\MyWin32Second.vcxproj", "{433CE8C4-8F0B-4EC4-BBDA-ACDDF6B92923}"
EndProject
Project("{8BC9CEB8-8B4A-11D0-8D11-00A0C91BC942}") = "MyWin32Third", "MyWin32Third\MyWin32Third.vcxproj", "{95F870F9-A0C3-4996-ACBE-0C873C0A5C12}"
EndProject
Project("{8BC9CEB8-8B4A-11D0-8D11-00A0C91BC942}") = "_03_CAlgorithm1", "_03_CAlgorithm1\_03_CAlgorithm1.vcxproj", "{282661BB-42C9-43F8-A601-470828EC7FFE}"
EndProject
Project("{8BC9CEB8-8B4A-11D0-8D11-00A0C91BC942}") = "RealWinWiz", "RealWinWiz\RealWinWiz.vcxproj", "{0F8A5B15-A79D-4684-B21C-42AD75E4F64C}"
EndProject
Project("{8BC9CEB8-8B4A-11D0-8D11-00A0C91BC942}") = "RealWinWiz2", "RealWinWiz2\RealWinWiz2.vcxproj", "{9E8E8BA4-9200-41CB-B303-F459807FCB0D}"
EndProject
Project("{8BC9CEB8-8B4A-11D0-8D11-00A0C91BC942}") = "CppSTL", "CppSTL\CppSTL.vcxproj", "{9D7FD7AA-00A0-4E5A-959D-61C306D82E98}"
EndProject
Project("{8BC9CEB8-8B4A-11D0-8D11-00A0C91BC942}") = "MusicPlayer", "MusicPlayer\MusicPlayer.vcxproj", "{8D3CB664-D8C7-479D-871B-627CC602C9FB}"
EndProject
Project("{8BC9CEB8-8B4A-11D0-8D11-00A0C91BC942}") = "MusicPlayer2", "MusicPlayer2\MusicPlayer2.vcxproj", "{AA7D711A-EFF6-46CC-8E8E-4791CDAA1BC7}"
EndProject
Project("{8BC9CEB8-8B4A-11D0-8D11-00A0C91BC942}") = "CDounut", "CDounut\CDounut.vcxproj", "{B8FCA198-5DA3-4EBD-959B-38007F38B0DB}"
EndProject
Project("{8BC9CEB8-8B4A-11D0-8D11-00A0C91BC942}") = "CrossPlatformLib", "CrossPlatformLib\CrossPlatformLib.vcxproj", "{075B27AA-6F4E-4C89-9FF6-59C393F0DC5B}"
EndProject
Project("{8BC9CEB8-8B4A-11D0-8D11-00A0C91BC942}") = "NotePadEx", "NotePadEx\NotePadEx.vcxproj", "{4BBE577E-ED45-46E5-B45A-0DFF07386DEC}"
EndProject
Project("{8BC9CEB8-8B4A-11D0-8D11-00A0C91BC942}") = "WinApi12_424", "WinApi12_424\WinApi12_424.vcxproj", "{57E27DF8-672C-43BD-B525-95B3503506FC}"
EndProject
Project("{8BC9CEB8-8B4A-11D0-8D11-00A0C91BC942}") = "WinApi12425Semaphore", "WinApi12425Semaphore\WinApi12425Semaphore.vcxproj", "{65DF414E-A8B3-4A88-91B9-64C8AC369544}"
EndProject
Project("{8BC9CEB8-8B4A-11D0-8D11-00A0C91BC942}") = "WinApi12426AutoReset", "WinApi12426AutoReset\WinApi12426AutoReset.vcxproj", "{87E79BEA-16C2-408D-8622-B056E8405845}"
EndProject
Project("{8BC9CEB8-8B4A-11D0-8D11-00A0C91BC942}") = "WinApi12427ManualReset", "WinApi12427ManualReset\WinApi12427ManualReset.vcxproj", "{A04DDC45-3E5B-4A08-9BFD-AC43B7F3438B}"
EndProject
Project("{8BC9CEB8-8B4A-11D0-8D11-00A0C91BC942}") = "ConsoleTest", "ConsoleTest\ConsoleTest.vcxproj", "{5DC14A30-390B-4194-BF1B-C08404AAF41C}"
EndProject
Project("{8BC9CEB8-8B4A-11D0-8D11-00A0C91BC942}") = "WinApi432MultibyteServerBasic1", "WinApi432MultibyteServerBasic1\WinApi432MultibyteServerBasic1.vcxproj", "{96ECB922-CD02-44B6-8FCA-8124E37E3CF0}"
EndProject
Project("{8BC9CEB8-8B4A-11D0-8D11-00A0C91BC942}") = "WinApi432MultibyteClientBasic1", "WinApi432MultibyteClientBasic1\WinApi432MultibyteClientBasic1.vcxproj", "{8C2EB4FE-9766-4CB9-9E1F-73F2BCE497FE}"
EndProject
Project("{8BC9CEB8-8B4A-11D0-8D11-00A0C91BC942}") = "WinApi433UnicodeClientBasic1", "WinApi433UnicodeClientBasic1\WinApi433UnicodeClientBasic1.vcxproj", "{2BC40DCE-CC76-4195-B846-68AC51706854}"
EndProject
Project("{8BC9CEB8-8B4A-11D0-8D11-00A0C91BC942}") = "WinApi441AsyncServer", "WinApi441AsyncServer\WinApi441AsyncServer.vcxproj", "{2C44DDF5-F419-4435-AB2C-E32A501DD950}"
EndProject
Project("{8BC9CEB8-8B4A-11D0-8D11-00A0C91BC942}") = "WinApi442AsyncClient", "WinApi442AsyncClient\WinApi442AsyncClient.vcxproj", "{B83C63F4-6B95-4C1A-BE42-5920ABF69ABD}"
EndProject
Project("{8BC9CEB8-8B4A-11D0-8D11-00A0C91BC942}") = "WinApi443AServer", "WinApi443AServer\WinApi443AServer.vcxproj", "{85B87C43-C9AF-4979-909D-A50D36A4CB5F}"
EndProject
Project("{8BC9CEB8-8B4A-11D0-8D11-00A0C91BC942}") = "WinApi444AClient", "WinApi444AClient\WinApi444AClient.vcxproj", "{7BB593DE-6337-4B91-A1C7-87EA8F917830}"
EndProject
Project("{8BC9CEB8-8B4A-11D0-8D11-00A0C91BC942}") = "TicTacToeServer", "TicTacToeServer\TicTacToeServer.vcxproj", "{6976E507-6B80-460A-BFF0-D20D0092DA45}"
EndProject
Project("{8BC9CEB8-8B4A-11D0-8D11-00A0C91BC942}") = "TicTacToeClient", "TicTacToeClient\TicTacToeClient.vcxproj", "{F456F3EC-08CB-4620-B8A1-C3DE0F9A6859}"
EndProject
Project("{8BC9CEB8-8B4A-11D0-8D11-00A0C91BC942}") = "WinDeskUI1", "WinDeskUI1\WinDeskUI1.vcxproj", "{330AFF5F-71E5-48BD-8C50-31F12EF2B667}"
EndProject
Project("{8BC9CEB8-8B4A-11D0-8D11-00A0C91BC942}") = "TimeAPI", "TimeAPI\TimeAPI.vcxproj", "{7484182D-669A-4902-85D7-8F7C3BFDB170}"
EndProject
Project("{8BC9CEB8-8B4A-11D0-8D11-00A0C91BC942}") = "CallPython", "CallPython\CallPython.vcxproj", "{52B1E5C6-56DD-412D-AB8A-BF8ECCBEAF43}"
EndProject
Project("{8BC9CEB8-8B4A-11D0-8D11-00A0C91BC942}") = "BlackFullscreenDlg", "BlackFullscreenDlg\BlackFullscreenDlg.vcxproj", "{8409D45E-6C64-47AA-A532-2F16D13FD9EC}"
EndProject
Project("{8BC9CEB8-8B4A-11D0-8D11-00A0C91BC942}") = "Win32SockServer", "Win32SockServer\Win32SockServer.vcxproj", "{01410C04-0A39-4320-9F12-53A056C7174A}"
EndProject
Project("{8BC9CEB8-8B4A-11D0-8D11-00A0C91BC942}") = "Win32SockClient", "Win32SockClient\Win32SockClient.vcxproj", "{BE6F8075-7BD1-46CD-9618-08B207F1C531}"
EndProject
Project("{8BC9CEB8-8B4A-11D0-8D11-00A0C91BC942}") = "WinDeskUI2", "WinDeskUI2\WinDeskUI2.vcxproj", "{529C640C-48D9-4BEA-9597-0830E56942DF}"
EndProject
Project("{8BC9CEB8-8B4A-11D0-8D11-00A0C91BC942}") = "WinStep35ListView1", "WinStep35ListView1\WinStep35ListView1.vcxproj", "{E2193FFD-CB8A-46CF-B165-94E012361872}"
EndProject
Project("{8BC9CEB8-8B4A-11D0-8D11-00A0C91BC942}") = "OpenCV455", "OpenCV455\OpenCV455.vcxproj", "{BFAB8F3B-5BBB-4D83-8E56-781795296D96}"
EndProject
Project("{8BC9CEB8-8B4A-11D0-8D11-00A0C91BC942}") = "MSSqlADO", "MSSqlADO\MSSqlADO.vcxproj", "{1C7F5E8F-053C-4790-A7E5-8EFA416703A6}"
EndProject
Project("{8BC9CEB8-8B4A-11D0-8D11-00A0C91BC942}") = "_01_CProject2", "_01_CProject2\_01_CProject2.vcxproj", "{BA17443B-1C9A-42DB-A1A7-5BA6E0525AB0}"
EndProject
Project("{8BC9CEB8-8B4A-11D0-8D11-00A0C91BC942}") = "WindowsApi1dc", "WindowsApi1dc\WindowsApi1dc.vcxproj", "{82577EF9-5D5A-4EBF-BAC9-A64002C0C89D}"
EndProject
Project("{8BC9CEB8-8B4A-11D0-8D11-00A0C91BC942}") = "WindowsApi2input", "WindowsApi2input\WindowsApi2input.vcxproj", "{041C00D8-7476-46A8-A218-B3A919ED3E93}"
EndProject
Project("{8BC9CEB8-8B4A-11D0-8D11-00A0C91BC942}") = "WinProcMain", "WinProcMain\WinProcMain.vcxproj", "{FAF76EDF-6EB0-44B4-9D5C-6630E543D4B2}"
EndProject
Project("{8BC9CEB8-8B4A-11D0-8D11-00A0C91BC942}") = "DlgProcMain", "DlgProcMain\DlgProcMain.vcxproj", "{9C8545D2-0C19-4AF9-9FF3-FE114182F756}"
EndProject
Project("{8BC9CEB8-8B4A-11D0-8D11-00A0C91BC942}") = "WindowsApi2keydown", "WindowsApi2keydown\WindowsApi2keydown.vcxproj", "{D1745560-F012-4543-8F24-5DE01EB40B6E}"
EndProject
Project("{8BC9CEB8-8B4A-11D0-8D11-00A0C91BC942}") = "WindowsApi2timer", "WindowsApi2timer\WindowsApi2timer.vcxproj", "{976A4B10-2450-41AE-AF5D-01D34EBC0E36}"
EndProject
Project("{8BC9CEB8-8B4A-11D0-8D11-00A0C91BC942}") = "WindowsApi2background", "WindowsApi2background\WindowsApi2background.vcxproj", "{19790807-7C9D-4F3E-98FF-E45175867A7B}"
EndProject
Project("{8BC9CEB8-8B4A-11D0-8D11-00A0C91BC942}") = "Calculator", "Calculator\Calculator.vcxproj", "{AE137D6E-3B3C-4AEB-8EB7-38FC07276562}"
EndProject
Project("{8BC9CEB8-8B4A-11D0-8D11-00A0C91BC942}") = "WinDeskUI3", "WinDeskUI3\WinDeskUI3.vcxproj", "{9A0E82D0-2495-4D92-AEE7-1ED3915A5881}"
EndProject
Project("{8BC9CEB8-8B4A-11D0-8D11-00A0C91BC942}") = "BlackFullscreenWnd", "BlackFullscreenWnd\BlackFullscreenWnd.vcxproj", "{B8BBDEF0-FB1C-4EB9-9D6E-2990D1C8EC82}"
EndProject
Project("{8BC9CEB8-8B4A-11D0-8D11-00A0C91BC942}") = "WindowsApi2Assign", "WindowsApi2Assign\WindowsApi2Assign.vcxproj", "{86657AC6-8EFE-49A0-AFA1-6E7341CE611B}"
EndProject
Project("{8BC9CEB8-8B4A-11D0-8D11-00A0C91BC942}") = "Gdiplus1", "Gdiplus1\Gdiplus1.vcxproj", "{1280BE78-CB41-428B-B91B-3352417D5FA4}"
EndProject
Project("{8BC9CEB8-8B4A-11D0-8D11-00A0C91BC942}") = "Gdiplus2", "Gdiplus2\Gdiplus2.vcxproj", "{5B252BD8-8A74-4A1A-A15F-63FACC8708D2}"
EndProject
Project("{8BC9CEB8-8B4A-11D0-8D11-00A0C91BC942}") = "Gdiplus3", "Gdiplus3\Gdiplus3.vcxproj", "{691ABD5E-E07A-45F2-A1D0-DC50CBF27C35}"
EndProject
Project("{8BC9CEB8-8B4A-11D0-8D11-00A0C91BC942}") = "TTS1", "TTS1\TTS1.vcxproj", "{F475B965-77C7-4FB8-8084-E8D3003190AC}"
EndProject
Project("{8BC9CEB8-8B4A-11D0-8D11-00A0C91BC942}") = "TTS2", "TTS2\TTS2.vcxproj", "{9F250DDC-6356-4BC4-80AB-BAB8A0205D91}"
EndProject
Project("{8BC9CEB8-8B4A-11D0-8D11-00A0C91BC942}") = "TTS3", "TTS3\TTS3.vcxproj", "{42FF999E-2728-47CC-974B-B3DFFFC411E5}"
EndProject
Project("{8BC9CEB8-8B4A-11D0-8D11-00A0C91BC942}") = "TTS4", "TTS4\TTS4.vcxproj", "{F0334CE4-3461-4ABA-AD97-4DB1D858B960}"
EndProject
Project("{8BC9CEB8-8B4A-11D0-8D11-00A0C91BC942}") = "Gdiplus4", "Gdiplus4\Gdiplus4.vcxproj", "{AF326D2D-F8BF-4403-B23A-9C6018CEDB46}"
EndProject
Project("{8BC9CEB8-8B4A-11D0-8D11-00A0C91BC942}") = "SystemOnOff", "SystemOnOff\SystemOnOff.vcxproj", "{C98A954E-5CE1-4489-B113-819F03B8C08A}"
EndProject
Project("{8BC9CEB8-8B4A-11D0-8D11-00A0C91BC942}") = "TypeCasting1", "TypeCasting1\TypeCasting1.vcxproj", "{3B4C0614-7FF7-46A1-9243-9EF46DE82C9C}"
EndProject
Project("{8BC9CEB8-8B4A-11D0-8D11-00A0C91BC942}") = "MSXML60", "MSXML60\MSXML60.vcxproj", "{4667D5C4-0CBB-4587-9BA4-0A40495533EE}"
EndProject
Project("{8BC9CEB8-8B4A-11D0-8D11-00A0C91BC942}") = "ffmpeg1", "ffmpeg1\ffmpeg1.vcxproj", "{9B1FA31E-B5AD-43A5-AC9C-B090BA072391}"
EndProject
Project("{8BC9CEB8-8B4A-11D0-8D11-00A0C91BC942}") = "dshow1", "dshow1\dshow1.vcxproj", "{B0FC5BCD-E91D-4245-9D8E-F24DD1CD6AB3}"
EndProject
Project("{8BC9CEB8-8B4A-11D0-8D11-00A0C91BC942}") = "OpenGL1", "OpenGL1\OpenGL1.vcxproj", "{075EBAC9-3724-4A82-96FC-D9C8CFBEB7E5}"
EndProject
Project("{8BC9CEB8-8B4A-11D0-8D11-00A0C91BC942}") = "OpenCVDlg", "OpenCVDlg\OpenCVDlg.vcxproj", "{906C26C6-618B-44E9-A262-4D2B939134F5}"
EndProject
Project("{8BC9CEB8-8B4A-11D0-8D11-00A0C91BC942}") = "OMok1", "OMok1\OMok1.vcxproj", "{2DB52D0D-9147-4684-9BBD-60A30F40B6E3}"
EndProject
Project("{8BC9CEB8-8B4A-11D0-8D11-00A0C91BC942}") = "OMok2", "OMok2\OMok2.vcxproj", "{72A77D7B-3937-46DB-903F-C65ECF19AEB3}"
EndProject
Project("{8BC9CEB8-8B4A-11D0-8D11-00A0C91BC942}") = "OMok3", "OMok3\OMok3.vcxproj", "{2266C74A-1165-4DAD-BD15-0D60611BB47C}"
EndProject
Project("{8BC9CEB8-8B4A-11D0-8D11-00A0C91BC942}") = "ImageDrawD2D", "ImageDrawD2D\ImageDrawD2D.vcxproj", "{1A06C942-82DF-41F0-B810-57E679FF8F9D}"
EndProject
Project("{8BC9CEB8-8B4A-11D0-8D11-00A0C91BC942}") = "ImageDrawGdiplus", "ImageDrawGdiplus\ImageDrawGdiplus.vcxproj", "{96F243CF-B734-4F63-8399-34F5B7F76914}"
EndProject
Project("{8BC9CEB8-8B4A-11D0-8D11-00A0C91BC942}") = "Gdiplus5", "Gdiplus5\Gdiplus5.vcxproj", "{1BAC1CBC-A820-4B79-AFFC-F422043FE35D}"
EndProject
Project("{8BC9CEB8-8B4A-11D0-8D11-00A0C91BC942}") = "ImageDrawD2Ddlg", "ImageDrawD2Ddlg\ImageDrawD2Ddlg.vcxproj", "{AE3C5641-B7B2-44B3-A4B2-573D889C06B4}"
EndProject
Project("{8BC9CEB8-8B4A-11D0-8D11-00A0C91BC942}") = "Gdiplus6IMG", "Gdiplus6IMG\Gdiplus6IMG.vcxproj", "{6015ACF3-D561-4C90-B39B-44815F76494A}"
EndProject
Project("{8BC9CEB8-8B4A-11D0-8D11-00A0C91BC942}") = "UDPServer", "UDPServer\UDPServer.vcxproj", "{15C246DA-1715-4B93-8FCD-72A553DD229C}"
EndProject
Project("{8BC9CEB8-8B4A-11D0-8D11-00A0C91BC942}") = "UDPClient", "UDPClient\UDPClient.vcxproj", "{5B1D61E5-A4F1-4633-9163-06880486D5F8}"
EndProject
Project("{8BC9CEB8-8B4A-11D0-8D11-00A0C91BC942}") = "Encoding1", "Encoding1\Encoding1.vcxproj", "{2B5C0584-2618-4DAA-8871-EB04F084195F}"
EndProject
Project("{8BC9CEB8-8B4A-11D0-8D11-00A0C91BC942}") = "D2DImgRotate", "D2DImgRotate\D2DImgRotate.vcxproj", "{30B54A75-0BE7-4F2B-8F6C-78353DD688DD}"
EndProject
Project("{8BC9CEB8-8B4A-11D0-8D11-00A0C91BC942}") = "Conversion1", "Conversion1\Conversion1.vcxproj", "{611E989B-A0E5-4B90-A894-65B8A6F7D838}"
EndProject
Project("{8BC9CEB8-8B4A-11D0-8D11-00A0C91BC942}") = "SocketTCP1", "SocketTCP1\SocketTCP1.vcxproj", "{F3F0F1AD-264C-4E01-AB14-8961B0F5AED9}"
EndProject
Project("{8BC9CEB8-8B4A-11D0-8D11-00A0C91BC942}") = "SocketTCPClient", "SocketTCPClient\SocketTCPClient.vcxproj", "{AF8DB4BA-575C-4A40-B68B-2A6BD56DBC95}"
EndProject
Project("{8BC9CEB8-8B4A-11D0-8D11-00A0C91BC942}") = "SocKetTCPServer", "SocKetTCPServer\SocKetTCPServer.vcxproj", "{32958D71-7C8F-451C-A684-5B3870939D35}"
EndProject
Project("{8BC9CEB8-8B4A-11D0-8D11-00A0C91BC942}") = "WinMainClass1", "WinMainClass1\WinMainClass1.vcxproj", "{C58138F5-A1DB-4F3B-BB57-3814F9B2A618}"
EndProject
Project("{8BC9CEB8-8B4A-11D0-8D11-00A0C91BC942}") = "WinRT1", "WinRT1\WinRT1.vcxproj", "{DF95403A-0CF2-4057-9CF8-615710577885}"
EndProject
Global
	GlobalSection(SolutionConfigurationPlatforms) = preSolution
		Debug|x64 = Debug|x64
		Debug|x86 = Debug|x86
		Release|x64 = Release|x64
		Release|x86 = Release|x86
	EndGlobalSection
	GlobalSection(ProjectConfigurationPlatforms) = postSolution
		{6156C168-3B26-4586-89FF-965E653088D0}.Debug|x64.ActiveCfg = Debug|x64
		{6156C168-3B26-4586-89FF-965E653088D0}.Debug|x64.Build.0 = Debug|x64
		{6156C168-3B26-4586-89FF-965E653088D0}.Debug|x86.ActiveCfg = Debug|Win32
		{6156C168-3B26-4586-89FF-965E653088D0}.Debug|x86.Build.0 = Debug|Win32
		{6156C168-3B26-4586-89FF-965E653088D0}.Release|x64.ActiveCfg = Release|x64
		{6156C168-3B26-4586-89FF-965E653088D0}.Release|x64.Build.0 = Release|x64
		{6156C168-3B26-4586-89FF-965E653088D0}.Release|x86.ActiveCfg = Release|Win32
		{6156C168-3B26-4586-89FF-965E653088D0}.Release|x86.Build.0 = Release|Win32
		{E3A9E0FC-9787-4769-9221-84C58252D1C4}.Debug|x64.ActiveCfg = Debug|x64
		{E3A9E0FC-9787-4769-9221-84C58252D1C4}.Debug|x64.Build.0 = Debug|x64
		{E3A9E0FC-9787-4769-9221-84C58252D1C4}.Debug|x86.ActiveCfg = Debug|Win32
		{E3A9E0FC-9787-4769-9221-84C58252D1C4}.Debug|x86.Build.0 = Debug|Win32
		{E3A9E0FC-9787-4769-9221-84C58252D1C4}.Release|x64.ActiveCfg = Release|x64
		{E3A9E0FC-9787-4769-9221-84C58252D1C4}.Release|x64.Build.0 = Release|x64
		{E3A9E0FC-9787-4769-9221-84C58252D1C4}.Release|x86.ActiveCfg = Release|Win32
		{E3A9E0FC-9787-4769-9221-84C58252D1C4}.Release|x86.Build.0 = Release|Win32
		{E89B8503-2FD9-482C-8F37-E32164812400}.Debug|x64.ActiveCfg = Debug|x64
		{E89B8503-2FD9-482C-8F37-E32164812400}.Debug|x64.Build.0 = Debug|x64
		{E89B8503-2FD9-482C-8F37-E32164812400}.Debug|x86.ActiveCfg = Debug|Win32
		{E89B8503-2FD9-482C-8F37-E32164812400}.Debug|x86.Build.0 = Debug|Win32
		{E89B8503-2FD9-482C-8F37-E32164812400}.Release|x64.ActiveCfg = Release|x64
		{E89B8503-2FD9-482C-8F37-E32164812400}.Release|x64.Build.0 = Release|x64
		{E89B8503-2FD9-482C-8F37-E32164812400}.Release|x86.ActiveCfg = Release|Win32
		{E89B8503-2FD9-482C-8F37-E32164812400}.Release|x86.Build.0 = Release|Win32
		{79D2B884-BD22-48CB-98F8-66E26148273A}.Debug|x64.ActiveCfg = Debug|x64
		{79D2B884-BD22-48CB-98F8-66E26148273A}.Debug|x64.Build.0 = Debug|x64
		{79D2B884-BD22-48CB-98F8-66E26148273A}.Debug|x86.ActiveCfg = Debug|Win32
		{79D2B884-BD22-48CB-98F8-66E26148273A}.Debug|x86.Build.0 = Debug|Win32
		{79D2B884-BD22-48CB-98F8-66E26148273A}.Release|x64.ActiveCfg = Release|x64
		{79D2B884-BD22-48CB-98F8-66E26148273A}.Release|x64.Build.0 = Release|x64
		{79D2B884-BD22-48CB-98F8-66E26148273A}.Release|x86.ActiveCfg = Release|Win32
		{79D2B884-BD22-48CB-98F8-66E26148273A}.Release|x86.Build.0 = Release|Win32
		{4034F710-05BA-4B5F-8BA3-1550F1435CA3}.Debug|x64.ActiveCfg = Debug|x64
		{4034F710-05BA-4B5F-8BA3-1550F1435CA3}.Debug|x64.Build.0 = Debug|x64
		{4034F710-05BA-4B5F-8BA3-1550F1435CA3}.Debug|x86.ActiveCfg = Debug|Win32
		{4034F710-05BA-4B5F-8BA3-1550F1435CA3}.Debug|x86.Build.0 = Debug|Win32
		{4034F710-05BA-4B5F-8BA3-1550F1435CA3}.Release|x64.ActiveCfg = Release|x64
		{4034F710-05BA-4B5F-8BA3-1550F1435CA3}.Release|x64.Build.0 = Release|x64
		{4034F710-05BA-4B5F-8BA3-1550F1435CA3}.Release|x86.ActiveCfg = Release|Win32
		{4034F710-05BA-4B5F-8BA3-1550F1435CA3}.Release|x86.Build.0 = Release|Win32
		{B277EE2E-A752-449F-86EA-C79489353426}.Debug|x64.ActiveCfg = Debug|x64
		{B277EE2E-A752-449F-86EA-C79489353426}.Debug|x64.Build.0 = Debug|x64
		{B277EE2E-A752-449F-86EA-C79489353426}.Debug|x86.ActiveCfg = Debug|Win32
		{B277EE2E-A752-449F-86EA-C79489353426}.Debug|x86.Build.0 = Debug|Win32
		{B277EE2E-A752-449F-86EA-C79489353426}.Release|x64.ActiveCfg = Release|x64
		{B277EE2E-A752-449F-86EA-C79489353426}.Release|x64.Build.0 = Release|x64
		{B277EE2E-A752-449F-86EA-C79489353426}.Release|x86.ActiveCfg = Release|Win32
		{B277EE2E-A752-449F-86EA-C79489353426}.Release|x86.Build.0 = Release|Win32
		{433CE8C4-8F0B-4EC4-BBDA-ACDDF6B92923}.Debug|x64.ActiveCfg = Debug|x64
		{433CE8C4-8F0B-4EC4-BBDA-ACDDF6B92923}.Debug|x64.Build.0 = Debug|x64
		{433CE8C4-8F0B-4EC4-BBDA-ACDDF6B92923}.Debug|x86.ActiveCfg = Debug|Win32
		{433CE8C4-8F0B-4EC4-BBDA-ACDDF6B92923}.Debug|x86.Build.0 = Debug|Win32
		{433CE8C4-8F0B-4EC4-BBDA-ACDDF6B92923}.Release|x64.ActiveCfg = Release|x64
		{433CE8C4-8F0B-4EC4-BBDA-ACDDF6B92923}.Release|x64.Build.0 = Release|x64
		{433CE8C4-8F0B-4EC4-BBDA-ACDDF6B92923}.Release|x86.ActiveCfg = Release|Win32
		{433CE8C4-8F0B-4EC4-BBDA-ACDDF6B92923}.Release|x86.Build.0 = Release|Win32
		{95F870F9-A0C3-4996-ACBE-0C873C0A5C12}.Debug|x64.ActiveCfg = Debug|x64
		{95F870F9-A0C3-4996-ACBE-0C873C0A5C12}.Debug|x64.Build.0 = Debug|x64
		{95F870F9-A0C3-4996-ACBE-0C873C0A5C12}.Debug|x86.ActiveCfg = Debug|Win32
		{95F870F9-A0C3-4996-ACBE-0C873C0A5C12}.Debug|x86.Build.0 = Debug|Win32
		{95F870F9-A0C3-4996-ACBE-0C873C0A5C12}.Release|x64.ActiveCfg = Release|x64
		{95F870F9-A0C3-4996-ACBE-0C873C0A5C12}.Release|x64.Build.0 = Release|x64
		{95F870F9-A0C3-4996-ACBE-0C873C0A5C12}.Release|x86.ActiveCfg = Release|Win32
		{95F870F9-A0C3-4996-ACBE-0C873C0A5C12}.Release|x86.Build.0 = Release|Win32
		{282661BB-42C9-43F8-A601-470828EC7FFE}.Debug|x64.ActiveCfg = Debug|x64
		{282661BB-42C9-43F8-A601-470828EC7FFE}.Debug|x64.Build.0 = Debug|x64
		{282661BB-42C9-43F8-A601-470828EC7FFE}.Debug|x86.ActiveCfg = Debug|Win32
		{282661BB-42C9-43F8-A601-470828EC7FFE}.Debug|x86.Build.0 = Debug|Win32
		{282661BB-42C9-43F8-A601-470828EC7FFE}.Release|x64.ActiveCfg = Release|x64
		{282661BB-42C9-43F8-A601-470828EC7FFE}.Release|x64.Build.0 = Release|x64
		{282661BB-42C9-43F8-A601-470828EC7FFE}.Release|x86.ActiveCfg = Release|Win32
		{282661BB-42C9-43F8-A601-470828EC7FFE}.Release|x86.Build.0 = Release|Win32
		{0F8A5B15-A79D-4684-B21C-42AD75E4F64C}.Debug|x64.ActiveCfg = Debug|x64
		{0F8A5B15-A79D-4684-B21C-42AD75E4F64C}.Debug|x64.Build.0 = Debug|x64
		{0F8A5B15-A79D-4684-B21C-42AD75E4F64C}.Debug|x86.ActiveCfg = Debug|Win32
		{0F8A5B15-A79D-4684-B21C-42AD75E4F64C}.Debug|x86.Build.0 = Debug|Win32
		{0F8A5B15-A79D-4684-B21C-42AD75E4F64C}.Release|x64.ActiveCfg = Release|x64
		{0F8A5B15-A79D-4684-B21C-42AD75E4F64C}.Release|x64.Build.0 = Release|x64
		{0F8A5B15-A79D-4684-B21C-42AD75E4F64C}.Release|x86.ActiveCfg = Release|Win32
		{0F8A5B15-A79D-4684-B21C-42AD75E4F64C}.Release|x86.Build.0 = Release|Win32
		{9E8E8BA4-9200-41CB-B303-F459807FCB0D}.Debug|x64.ActiveCfg = Debug|x64
		{9E8E8BA4-9200-41CB-B303-F459807FCB0D}.Debug|x64.Build.0 = Debug|x64
		{9E8E8BA4-9200-41CB-B303-F459807FCB0D}.Debug|x86.ActiveCfg = Debug|Win32
		{9E8E8BA4-9200-41CB-B303-F459807FCB0D}.Debug|x86.Build.0 = Debug|Win32
		{9E8E8BA4-9200-41CB-B303-F459807FCB0D}.Release|x64.ActiveCfg = Release|x64
		{9E8E8BA4-9200-41CB-B303-F459807FCB0D}.Release|x64.Build.0 = Release|x64
		{9E8E8BA4-9200-41CB-B303-F459807FCB0D}.Release|x86.ActiveCfg = Release|Win32
		{9E8E8BA4-9200-41CB-B303-F459807FCB0D}.Release|x86.Build.0 = Release|Win32
		{9D7FD7AA-00A0-4E5A-959D-61C306D82E98}.Debug|x64.ActiveCfg = Debug|x64
		{9D7FD7AA-00A0-4E5A-959D-61C306D82E98}.Debug|x64.Build.0 = Debug|x64
		{9D7FD7AA-00A0-4E5A-959D-61C306D82E98}.Debug|x86.ActiveCfg = Debug|Win32
		{9D7FD7AA-00A0-4E5A-959D-61C306D82E98}.Debug|x86.Build.0 = Debug|Win32
		{9D7FD7AA-00A0-4E5A-959D-61C306D82E98}.Release|x64.ActiveCfg = Release|x64
		{9D7FD7AA-00A0-4E5A-959D-61C306D82E98}.Release|x64.Build.0 = Release|x64
		{9D7FD7AA-00A0-4E5A-959D-61C306D82E98}.Release|x86.ActiveCfg = Release|Win32
		{9D7FD7AA-00A0-4E5A-959D-61C306D82E98}.Release|x86.Build.0 = Release|Win32
		{8D3CB664-D8C7-479D-871B-627CC602C9FB}.Debug|x64.ActiveCfg = Debug|x64
		{8D3CB664-D8C7-479D-871B-627CC602C9FB}.Debug|x64.Build.0 = Debug|x64
		{8D3CB664-D8C7-479D-871B-627CC602C9FB}.Debug|x86.ActiveCfg = Debug|Win32
		{8D3CB664-D8C7-479D-871B-627CC602C9FB}.Debug|x86.Build.0 = Debug|Win32
		{8D3CB664-D8C7-479D-871B-627CC602C9FB}.Release|x64.ActiveCfg = Release|x64
		{8D3CB664-D8C7-479D-871B-627CC602C9FB}.Release|x64.Build.0 = Release|x64
		{8D3CB664-D8C7-479D-871B-627CC602C9FB}.Release|x86.ActiveCfg = Release|Win32
		{8D3CB664-D8C7-479D-871B-627CC602C9FB}.Release|x86.Build.0 = Release|Win32
		{AA7D711A-EFF6-46CC-8E8E-4791CDAA1BC7}.Debug|x64.ActiveCfg = Debug|x64
		{AA7D711A-EFF6-46CC-8E8E-4791CDAA1BC7}.Debug|x64.Build.0 = Debug|x64
		{AA7D711A-EFF6-46CC-8E8E-4791CDAA1BC7}.Debug|x86.ActiveCfg = Debug|Win32
		{AA7D711A-EFF6-46CC-8E8E-4791CDAA1BC7}.Debug|x86.Build.0 = Debug|Win32
		{AA7D711A-EFF6-46CC-8E8E-4791CDAA1BC7}.Release|x64.ActiveCfg = Release|x64
		{AA7D711A-EFF6-46CC-8E8E-4791CDAA1BC7}.Release|x64.Build.0 = Release|x64
		{AA7D711A-EFF6-46CC-8E8E-4791CDAA1BC7}.Release|x86.ActiveCfg = Release|Win32
		{AA7D711A-EFF6-46CC-8E8E-4791CDAA1BC7}.Release|x86.Build.0 = Release|Win32
		{B8FCA198-5DA3-4EBD-959B-38007F38B0DB}.Debug|x64.ActiveCfg = Debug|x64
		{B8FCA198-5DA3-4EBD-959B-38007F38B0DB}.Debug|x64.Build.0 = Debug|x64
		{B8FCA198-5DA3-4EBD-959B-38007F38B0DB}.Debug|x86.ActiveCfg = Debug|Win32
		{B8FCA198-5DA3-4EBD-959B-38007F38B0DB}.Debug|x86.Build.0 = Debug|Win32
		{B8FCA198-5DA3-4EBD-959B-38007F38B0DB}.Release|x64.ActiveCfg = Release|x64
		{B8FCA198-5DA3-4EBD-959B-38007F38B0DB}.Release|x64.Build.0 = Release|x64
		{B8FCA198-5DA3-4EBD-959B-38007F38B0DB}.Release|x86.ActiveCfg = Release|Win32
		{B8FCA198-5DA3-4EBD-959B-38007F38B0DB}.Release|x86.Build.0 = Release|Win32
		{075B27AA-6F4E-4C89-9FF6-59C393F0DC5B}.Debug|x64.ActiveCfg = Debug|x64
		{075B27AA-6F4E-4C89-9FF6-59C393F0DC5B}.Debug|x64.Build.0 = Debug|x64
		{075B27AA-6F4E-4C89-9FF6-59C393F0DC5B}.Debug|x86.ActiveCfg = Debug|Win32
		{075B27AA-6F4E-4C89-9FF6-59C393F0DC5B}.Debug|x86.Build.0 = Debug|Win32
		{075B27AA-6F4E-4C89-9FF6-59C393F0DC5B}.Release|x64.ActiveCfg = Release|x64
		{075B27AA-6F4E-4C89-9FF6-59C393F0DC5B}.Release|x64.Build.0 = Release|x64
		{075B27AA-6F4E-4C89-9FF6-59C393F0DC5B}.Release|x86.ActiveCfg = Release|Win32
		{075B27AA-6F4E-4C89-9FF6-59C393F0DC5B}.Release|x86.Build.0 = Release|Win32
		{4BBE577E-ED45-46E5-B45A-0DFF07386DEC}.Debug|x64.ActiveCfg = Debug|x64
		{4BBE577E-ED45-46E5-B45A-0DFF07386DEC}.Debug|x64.Build.0 = Debug|x64
		{4BBE577E-ED45-46E5-B45A-0DFF07386DEC}.Debug|x86.ActiveCfg = Debug|Win32
		{4BBE577E-ED45-46E5-B45A-0DFF07386DEC}.Debug|x86.Build.0 = Debug|Win32
		{4BBE577E-ED45-46E5-B45A-0DFF07386DEC}.Release|x64.ActiveCfg = Release|x64
		{4BBE577E-ED45-46E5-B45A-0DFF07386DEC}.Release|x64.Build.0 = Release|x64
		{4BBE577E-ED45-46E5-B45A-0DFF07386DEC}.Release|x86.ActiveCfg = Release|Win32
		{4BBE577E-ED45-46E5-B45A-0DFF07386DEC}.Release|x86.Build.0 = Release|Win32
		{57E27DF8-672C-43BD-B525-95B3503506FC}.Debug|x64.ActiveCfg = Debug|x64
		{57E27DF8-672C-43BD-B525-95B3503506FC}.Debug|x64.Build.0 = Debug|x64
		{57E27DF8-672C-43BD-B525-95B3503506FC}.Debug|x86.ActiveCfg = Debug|Win32
		{57E27DF8-672C-43BD-B525-95B3503506FC}.Debug|x86.Build.0 = Debug|Win32
		{57E27DF8-672C-43BD-B525-95B3503506FC}.Release|x64.ActiveCfg = Release|x64
		{57E27DF8-672C-43BD-B525-95B3503506FC}.Release|x64.Build.0 = Release|x64
		{57E27DF8-672C-43BD-B525-95B3503506FC}.Release|x86.ActiveCfg = Release|Win32
		{57E27DF8-672C-43BD-B525-95B3503506FC}.Release|x86.Build.0 = Release|Win32
		{65DF414E-A8B3-4A88-91B9-64C8AC369544}.Debug|x64.ActiveCfg = Debug|x64
		{65DF414E-A8B3-4A88-91B9-64C8AC369544}.Debug|x64.Build.0 = Debug|x64
		{65DF414E-A8B3-4A88-91B9-64C8AC369544}.Debug|x86.ActiveCfg = Debug|Win32
		{65DF414E-A8B3-4A88-91B9-64C8AC369544}.Debug|x86.Build.0 = Debug|Win32
		{65DF414E-A8B3-4A88-91B9-64C8AC369544}.Release|x64.ActiveCfg = Release|x64
		{65DF414E-A8B3-4A88-91B9-64C8AC369544}.Release|x64.Build.0 = Release|x64
		{65DF414E-A8B3-4A88-91B9-64C8AC369544}.Release|x86.ActiveCfg = Release|Win32
		{65DF414E-A8B3-4A88-91B9-64C8AC369544}.Release|x86.Build.0 = Release|Win32
		{87E79BEA-16C2-408D-8622-B056E8405845}.Debug|x64.ActiveCfg = Debug|x64
		{87E79BEA-16C2-408D-8622-B056E8405845}.Debug|x64.Build.0 = Debug|x64
		{87E79BEA-16C2-408D-8622-B056E8405845}.Debug|x86.ActiveCfg = Debug|Win32
		{87E79BEA-16C2-408D-8622-B056E8405845}.Debug|x86.Build.0 = Debug|Win32
		{87E79BEA-16C2-408D-8622-B056E8405845}.Release|x64.ActiveCfg = Release|x64
		{87E79BEA-16C2-408D-8622-B056E8405845}.Release|x64.Build.0 = Release|x64
		{87E79BEA-16C2-408D-8622-B056E8405845}.Release|x86.ActiveCfg = Release|Win32
		{87E79BEA-16C2-408D-8622-B056E8405845}.Release|x86.Build.0 = Release|Win32
		{A04DDC45-3E5B-4A08-9BFD-AC43B7F3438B}.Debug|x64.ActiveCfg = Debug|x64
		{A04DDC45-3E5B-4A08-9BFD-AC43B7F3438B}.Debug|x64.Build.0 = Debug|x64
		{A04DDC45-3E5B-4A08-9BFD-AC43B7F3438B}.Debug|x86.ActiveCfg = Debug|Win32
		{A04DDC45-3E5B-4A08-9BFD-AC43B7F3438B}.Debug|x86.Build.0 = Debug|Win32
		{A04DDC45-3E5B-4A08-9BFD-AC43B7F3438B}.Release|x64.ActiveCfg = Release|x64
		{A04DDC45-3E5B-4A08-9BFD-AC43B7F3438B}.Release|x64.Build.0 = Release|x64
		{A04DDC45-3E5B-4A08-9BFD-AC43B7F3438B}.Release|x86.ActiveCfg = Release|Win32
		{A04DDC45-3E5B-4A08-9BFD-AC43B7F3438B}.Release|x86.Build.0 = Release|Win32
		{5DC14A30-390B-4194-BF1B-C08404AAF41C}.Debug|x64.ActiveCfg = Debug|x64
		{5DC14A30-390B-4194-BF1B-C08404AAF41C}.Debug|x64.Build.0 = Debug|x64
		{5DC14A30-390B-4194-BF1B-C08404AAF41C}.Debug|x86.ActiveCfg = Debug|Win32
		{5DC14A30-390B-4194-BF1B-C08404AAF41C}.Debug|x86.Build.0 = Debug|Win32
		{5DC14A30-390B-4194-BF1B-C08404AAF41C}.Release|x64.ActiveCfg = Release|x64
		{5DC14A30-390B-4194-BF1B-C08404AAF41C}.Release|x64.Build.0 = Release|x64
		{5DC14A30-390B-4194-BF1B-C08404AAF41C}.Release|x86.ActiveCfg = Release|Win32
		{5DC14A30-390B-4194-BF1B-C08404AAF41C}.Release|x86.Build.0 = Release|Win32
		{96ECB922-CD02-44B6-8FCA-8124E37E3CF0}.Debug|x64.ActiveCfg = Debug|x64
		{96ECB922-CD02-44B6-8FCA-8124E37E3CF0}.Debug|x64.Build.0 = Debug|x64
		{96ECB922-CD02-44B6-8FCA-8124E37E3CF0}.Debug|x86.ActiveCfg = Debug|Win32
		{96ECB922-CD02-44B6-8FCA-8124E37E3CF0}.Debug|x86.Build.0 = Debug|Win32
		{96ECB922-CD02-44B6-8FCA-8124E37E3CF0}.Release|x64.ActiveCfg = Release|x64
		{96ECB922-CD02-44B6-8FCA-8124E37E3CF0}.Release|x64.Build.0 = Release|x64
		{96ECB922-CD02-44B6-8FCA-8124E37E3CF0}.Release|x86.ActiveCfg = Release|Win32
		{96ECB922-CD02-44B6-8FCA-8124E37E3CF0}.Release|x86.Build.0 = Release|Win32
		{8C2EB4FE-9766-4CB9-9E1F-73F2BCE497FE}.Debug|x64.ActiveCfg = Debug|x64
		{8C2EB4FE-9766-4CB9-9E1F-73F2BCE497FE}.Debug|x64.Build.0 = Debug|x64
		{8C2EB4FE-9766-4CB9-9E1F-73F2BCE497FE}.Debug|x86.ActiveCfg = Debug|Win32
		{8C2EB4FE-9766-4CB9-9E1F-73F2BCE497FE}.Debug|x86.Build.0 = Debug|Win32
		{8C2EB4FE-9766-4CB9-9E1F-73F2BCE497FE}.Release|x64.ActiveCfg = Release|x64
		{8C2EB4FE-9766-4CB9-9E1F-73F2BCE497FE}.Release|x64.Build.0 = Release|x64
		{8C2EB4FE-9766-4CB9-9E1F-73F2BCE497FE}.Release|x86.ActiveCfg = Release|Win32
		{8C2EB4FE-9766-4CB9-9E1F-73F2BCE497FE}.Release|x86.Build.0 = Release|Win32
		{2BC40DCE-CC76-4195-B846-68AC51706854}.Debug|x64.ActiveCfg = Debug|x64
		{2BC40DCE-CC76-4195-B846-68AC51706854}.Debug|x64.Build.0 = Debug|x64
		{2BC40DCE-CC76-4195-B846-68AC51706854}.Debug|x86.ActiveCfg = Debug|Win32
		{2BC40DCE-CC76-4195-B846-68AC51706854}.Debug|x86.Build.0 = Debug|Win32
		{2BC40DCE-CC76-4195-B846-68AC51706854}.Release|x64.ActiveCfg = Release|x64
		{2BC40DCE-CC76-4195-B846-68AC51706854}.Release|x64.Build.0 = Release|x64
		{2BC40DCE-CC76-4195-B846-68AC51706854}.Release|x86.ActiveCfg = Release|Win32
		{2BC40DCE-CC76-4195-B846-68AC51706854}.Release|x86.Build.0 = Release|Win32
		{2C44DDF5-F419-4435-AB2C-E32A501DD950}.Debug|x64.ActiveCfg = Debug|x64
		{2C44DDF5-F419-4435-AB2C-E32A501DD950}.Debug|x64.Build.0 = Debug|x64
		{2C44DDF5-F419-4435-AB2C-E32A501DD950}.Debug|x86.ActiveCfg = Debug|Win32
		{2C44DDF5-F419-4435-AB2C-E32A501DD950}.Debug|x86.Build.0 = Debug|Win32
		{2C44DDF5-F419-4435-AB2C-E32A501DD950}.Release|x64.ActiveCfg = Release|x64
		{2C44DDF5-F419-4435-AB2C-E32A501DD950}.Release|x64.Build.0 = Release|x64
		{2C44DDF5-F419-4435-AB2C-E32A501DD950}.Release|x86.ActiveCfg = Release|Win32
		{2C44DDF5-F419-4435-AB2C-E32A501DD950}.Release|x86.Build.0 = Release|Win32
		{B83C63F4-6B95-4C1A-BE42-5920ABF69ABD}.Debug|x64.ActiveCfg = Debug|x64
		{B83C63F4-6B95-4C1A-BE42-5920ABF69ABD}.Debug|x64.Build.0 = Debug|x64
		{B83C63F4-6B95-4C1A-BE42-5920ABF69ABD}.Debug|x86.ActiveCfg = Debug|Win32
		{B83C63F4-6B95-4C1A-BE42-5920ABF69ABD}.Debug|x86.Build.0 = Debug|Win32
		{B83C63F4-6B95-4C1A-BE42-5920ABF69ABD}.Release|x64.ActiveCfg = Release|x64
		{B83C63F4-6B95-4C1A-BE42-5920ABF69ABD}.Release|x64.Build.0 = Release|x64
		{B83C63F4-6B95-4C1A-BE42-5920ABF69ABD}.Release|x86.ActiveCfg = Release|Win32
		{B83C63F4-6B95-4C1A-BE42-5920ABF69ABD}.Release|x86.Build.0 = Release|Win32
		{85B87C43-C9AF-4979-909D-A50D36A4CB5F}.Debug|x64.ActiveCfg = Debug|x64
		{85B87C43-C9AF-4979-909D-A50D36A4CB5F}.Debug|x64.Build.0 = Debug|x64
		{85B87C43-C9AF-4979-909D-A50D36A4CB5F}.Debug|x86.ActiveCfg = Debug|Win32
		{85B87C43-C9AF-4979-909D-A50D36A4CB5F}.Debug|x86.Build.0 = Debug|Win32
		{85B87C43-C9AF-4979-909D-A50D36A4CB5F}.Release|x64.ActiveCfg = Release|x64
		{85B87C43-C9AF-4979-909D-A50D36A4CB5F}.Release|x64.Build.0 = Release|x64
		{85B87C43-C9AF-4979-909D-A50D36A4CB5F}.Release|x86.ActiveCfg = Release|Win32
		{85B87C43-C9AF-4979-909D-A50D36A4CB5F}.Release|x86.Build.0 = Release|Win32
		{7BB593DE-6337-4B91-A1C7-87EA8F917830}.Debug|x64.ActiveCfg = Debug|x64
		{7BB593DE-6337-4B91-A1C7-87EA8F917830}.Debug|x64.Build.0 = Debug|x64
		{7BB593DE-6337-4B91-A1C7-87EA8F917830}.Debug|x86.ActiveCfg = Debug|Win32
		{7BB593DE-6337-4B91-A1C7-87EA8F917830}.Debug|x86.Build.0 = Debug|Win32
		{7BB593DE-6337-4B91-A1C7-87EA8F917830}.Release|x64.ActiveCfg = Release|x64
		{7BB593DE-6337-4B91-A1C7-87EA8F917830}.Release|x64.Build.0 = Release|x64
		{7BB593DE-6337-4B91-A1C7-87EA8F917830}.Release|x86.ActiveCfg = Release|Win32
		{7BB593DE-6337-4B91-A1C7-87EA8F917830}.Release|x86.Build.0 = Release|Win32
		{6976E507-6B80-460A-BFF0-D20D0092DA45}.Debug|x64.ActiveCfg = Debug|x64
		{6976E507-6B80-460A-BFF0-D20D0092DA45}.Debug|x64.Build.0 = Debug|x64
		{6976E507-6B80-460A-BFF0-D20D0092DA45}.Debug|x86.ActiveCfg = Debug|Win32
		{6976E507-6B80-460A-BFF0-D20D0092DA45}.Debug|x86.Build.0 = Debug|Win32
		{6976E507-6B80-460A-BFF0-D20D0092DA45}.Release|x64.ActiveCfg = Release|x64
		{6976E507-6B80-460A-BFF0-D20D0092DA45}.Release|x64.Build.0 = Release|x64
		{6976E507-6B80-460A-BFF0-D20D0092DA45}.Release|x86.ActiveCfg = Release|Win32
		{6976E507-6B80-460A-BFF0-D20D0092DA45}.Release|x86.Build.0 = Release|Win32
		{F456F3EC-08CB-4620-B8A1-C3DE0F9A6859}.Debug|x64.ActiveCfg = Debug|x64
		{F456F3EC-08CB-4620-B8A1-C3DE0F9A6859}.Debug|x64.Build.0 = Debug|x64
		{F456F3EC-08CB-4620-B8A1-C3DE0F9A6859}.Debug|x86.ActiveCfg = Debug|Win32
		{F456F3EC-08CB-4620-B8A1-C3DE0F9A6859}.Debug|x86.Build.0 = Debug|Win32
		{F456F3EC-08CB-4620-B8A1-C3DE0F9A6859}.Release|x64.ActiveCfg = Release|x64
		{F456F3EC-08CB-4620-B8A1-C3DE0F9A6859}.Release|x64.Build.0 = Release|x64
		{F456F3EC-08CB-4620-B8A1-C3DE0F9A6859}.Release|x86.ActiveCfg = Release|Win32
		{F456F3EC-08CB-4620-B8A1-C3DE0F9A6859}.Release|x86.Build.0 = Release|Win32
		{330AFF5F-71E5-48BD-8C50-31F12EF2B667}.Debug|x64.ActiveCfg = Debug|x64
		{330AFF5F-71E5-48BD-8C50-31F12EF2B667}.Debug|x64.Build.0 = Debug|x64
		{330AFF5F-71E5-48BD-8C50-31F12EF2B667}.Debug|x86.ActiveCfg = Debug|Win32
		{330AFF5F-71E5-48BD-8C50-31F12EF2B667}.Debug|x86.Build.0 = Debug|Win32
		{330AFF5F-71E5-48BD-8C50-31F12EF2B667}.Release|x64.ActiveCfg = Release|x64
		{330AFF5F-71E5-48BD-8C50-31F12EF2B667}.Release|x64.Build.0 = Release|x64
		{330AFF5F-71E5-48BD-8C50-31F12EF2B667}.Release|x86.ActiveCfg = Release|Win32
		{330AFF5F-71E5-48BD-8C50-31F12EF2B667}.Release|x86.Build.0 = Release|Win32
		{7484182D-669A-4902-85D7-8F7C3BFDB170}.Debug|x64.ActiveCfg = Debug|x64
		{7484182D-669A-4902-85D7-8F7C3BFDB170}.Debug|x64.Build.0 = Debug|x64
		{7484182D-669A-4902-85D7-8F7C3BFDB170}.Debug|x86.ActiveCfg = Debug|Win32
		{7484182D-669A-4902-85D7-8F7C3BFDB170}.Debug|x86.Build.0 = Debug|Win32
		{7484182D-669A-4902-85D7-8F7C3BFDB170}.Release|x64.ActiveCfg = Release|x64
		{7484182D-669A-4902-85D7-8F7C3BFDB170}.Release|x64.Build.0 = Release|x64
		{7484182D-669A-4902-85D7-8F7C3BFDB170}.Release|x86.ActiveCfg = Release|Win32
		{7484182D-669A-4902-85D7-8F7C3BFDB170}.Release|x86.Build.0 = Release|Win32
		{52B1E5C6-56DD-412D-AB8A-BF8ECCBEAF43}.Debug|x64.ActiveCfg = Debug|x64
		{52B1E5C6-56DD-412D-AB8A-BF8ECCBEAF43}.Debug|x64.Build.0 = Debug|x64
		{52B1E5C6-56DD-412D-AB8A-BF8ECCBEAF43}.Debug|x86.ActiveCfg = Debug|Win32
		{52B1E5C6-56DD-412D-AB8A-BF8ECCBEAF43}.Debug|x86.Build.0 = Debug|Win32
		{52B1E5C6-56DD-412D-AB8A-BF8ECCBEAF43}.Release|x64.ActiveCfg = Release|x64
		{52B1E5C6-56DD-412D-AB8A-BF8ECCBEAF43}.Release|x64.Build.0 = Release|x64
		{52B1E5C6-56DD-412D-AB8A-BF8ECCBEAF43}.Release|x86.ActiveCfg = Release|Win32
		{52B1E5C6-56DD-412D-AB8A-BF8ECCBEAF43}.Release|x86.Build.0 = Release|Win32
		{8409D45E-6C64-47AA-A532-2F16D13FD9EC}.Debug|x64.ActiveCfg = Debug|x64
		{8409D45E-6C64-47AA-A532-2F16D13FD9EC}.Debug|x64.Build.0 = Debug|x64
		{8409D45E-6C64-47AA-A532-2F16D13FD9EC}.Debug|x86.ActiveCfg = Debug|Win32
		{8409D45E-6C64-47AA-A532-2F16D13FD9EC}.Debug|x86.Build.0 = Debug|Win32
		{8409D45E-6C64-47AA-A532-2F16D13FD9EC}.Release|x64.ActiveCfg = Release|x64
		{8409D45E-6C64-47AA-A532-2F16D13FD9EC}.Release|x64.Build.0 = Release|x64
		{8409D45E-6C64-47AA-A532-2F16D13FD9EC}.Release|x86.ActiveCfg = Release|Win32
		{8409D45E-6C64-47AA-A532-2F16D13FD9EC}.Release|x86.Build.0 = Release|Win32
		{01410C04-0A39-4320-9F12-53A056C7174A}.Debug|x64.ActiveCfg = Debug|x64
		{01410C04-0A39-4320-9F12-53A056C7174A}.Debug|x64.Build.0 = Debug|x64
		{01410C04-0A39-4320-9F12-53A056C7174A}.Debug|x86.ActiveCfg = Debug|Win32
		{01410C04-0A39-4320-9F12-53A056C7174A}.Debug|x86.Build.0 = Debug|Win32
		{01410C04-0A39-4320-9F12-53A056C7174A}.Release|x64.ActiveCfg = Release|x64
		{01410C04-0A39-4320-9F12-53A056C7174A}.Release|x64.Build.0 = Release|x64
		{01410C04-0A39-4320-9F12-53A056C7174A}.Release|x86.ActiveCfg = Release|Win32
		{01410C04-0A39-4320-9F12-53A056C7174A}.Release|x86.Build.0 = Release|Win32
		{BE6F8075-7BD1-46CD-9618-08B207F1C531}.Debug|x64.ActiveCfg = Debug|x64
		{BE6F8075-7BD1-46CD-9618-08B207F1C531}.Debug|x64.Build.0 = Debug|x64
		{BE6F8075-7BD1-46CD-9618-08B207F1C531}.Debug|x86.ActiveCfg = Debug|Win32
		{BE6F8075-7BD1-46CD-9618-08B207F1C531}.Debug|x86.Build.0 = Debug|Win32
		{BE6F8075-7BD1-46CD-9618-08B207F1C531}.Release|x64.ActiveCfg = Release|x64
		{BE6F8075-7BD1-46CD-9618-08B207F1C531}.Release|x64.Build.0 = Release|x64
		{BE6F8075-7BD1-46CD-9618-08B207F1C531}.Release|x86.ActiveCfg = Release|Win32
		{BE6F8075-7BD1-46CD-9618-08B207F1C531}.Release|x86.Build.0 = Release|Win32
		{529C640C-48D9-4BEA-9597-0830E56942DF}.Debug|x64.ActiveCfg = Debug|x64
		{529C640C-48D9-4BEA-9597-0830E56942DF}.Debug|x64.Build.0 = Debug|x64
		{529C640C-48D9-4BEA-9597-0830E56942DF}.Debug|x86.ActiveCfg = Debug|Win32
		{529C640C-48D9-4BEA-9597-0830E56942DF}.Debug|x86.Build.0 = Debug|Win32
		{529C640C-48D9-4BEA-9597-0830E56942DF}.Release|x64.ActiveCfg = Release|x64
		{529C640C-48D9-4BEA-9597-0830E56942DF}.Release|x64.Build.0 = Release|x64
		{529C640C-48D9-4BEA-9597-0830E56942DF}.Release|x86.ActiveCfg = Release|Win32
		{529C640C-48D9-4BEA-9597-0830E56942DF}.Release|x86.Build.0 = Release|Win32
		{E2193FFD-CB8A-46CF-B165-94E012361872}.Debug|x64.ActiveCfg = Debug|x64
		{E2193FFD-CB8A-46CF-B165-94E012361872}.Debug|x64.Build.0 = Debug|x64
		{E2193FFD-CB8A-46CF-B165-94E012361872}.Debug|x86.ActiveCfg = Debug|Win32
		{E2193FFD-CB8A-46CF-B165-94E012361872}.Debug|x86.Build.0 = Debug|Win32
		{E2193FFD-CB8A-46CF-B165-94E012361872}.Release|x64.ActiveCfg = Release|x64
		{E2193FFD-CB8A-46CF-B165-94E012361872}.Release|x64.Build.0 = Release|x64
		{E2193FFD-CB8A-46CF-B165-94E012361872}.Release|x86.ActiveCfg = Release|Win32
		{E2193FFD-CB8A-46CF-B165-94E012361872}.Release|x86.Build.0 = Release|Win32
		{BFAB8F3B-5BBB-4D83-8E56-781795296D96}.Debug|x64.ActiveCfg = Debug|x64
		{BFAB8F3B-5BBB-4D83-8E56-781795296D96}.Debug|x64.Build.0 = Debug|x64
		{BFAB8F3B-5BBB-4D83-8E56-781795296D96}.Debug|x86.ActiveCfg = Debug|Win32
		{BFAB8F3B-5BBB-4D83-8E56-781795296D96}.Debug|x86.Build.0 = Debug|Win32
		{BFAB8F3B-5BBB-4D83-8E56-781795296D96}.Release|x64.ActiveCfg = Release|x64
		{BFAB8F3B-5BBB-4D83-8E56-781795296D96}.Release|x64.Build.0 = Release|x64
		{BFAB8F3B-5BBB-4D83-8E56-781795296D96}.Release|x86.ActiveCfg = Release|Win32
		{BFAB8F3B-5BBB-4D83-8E56-781795296D96}.Release|x86.Build.0 = Release|Win32
		{1C7F5E8F-053C-4790-A7E5-8EFA416703A6}.Debug|x64.ActiveCfg = Debug|x64
		{1C7F5E8F-053C-4790-A7E5-8EFA416703A6}.Debug|x64.Build.0 = Debug|x64
		{1C7F5E8F-053C-4790-A7E5-8EFA416703A6}.Debug|x86.ActiveCfg = Debug|Win32
		{1C7F5E8F-053C-4790-A7E5-8EFA416703A6}.Debug|x86.Build.0 = Debug|Win32
		{1C7F5E8F-053C-4790-A7E5-8EFA416703A6}.Release|x64.ActiveCfg = Release|x64
		{1C7F5E8F-053C-4790-A7E5-8EFA416703A6}.Release|x64.Build.0 = Release|x64
		{1C7F5E8F-053C-4790-A7E5-8EFA416703A6}.Release|x86.ActiveCfg = Release|Win32
		{1C7F5E8F-053C-4790-A7E5-8EFA416703A6}.Release|x86.Build.0 = Release|Win32
		{BA17443B-1C9A-42DB-A1A7-5BA6E0525AB0}.Debug|x64.ActiveCfg = Debug|x64
		{BA17443B-1C9A-42DB-A1A7-5BA6E0525AB0}.Debug|x64.Build.0 = Debug|x64
		{BA17443B-1C9A-42DB-A1A7-5BA6E0525AB0}.Debug|x86.ActiveCfg = Debug|Win32
		{BA17443B-1C9A-42DB-A1A7-5BA6E0525AB0}.Debug|x86.Build.0 = Debug|Win32
		{BA17443B-1C9A-42DB-A1A7-5BA6E0525AB0}.Release|x64.ActiveCfg = Release|x64
		{BA17443B-1C9A-42DB-A1A7-5BA6E0525AB0}.Release|x64.Build.0 = Release|x64
		{BA17443B-1C9A-42DB-A1A7-5BA6E0525AB0}.Release|x86.ActiveCfg = Release|Win32
		{BA17443B-1C9A-42DB-A1A7-5BA6E0525AB0}.Release|x86.Build.0 = Release|Win32
		{82577EF9-5D5A-4EBF-BAC9-A64002C0C89D}.Debug|x64.ActiveCfg = Debug|x64
		{82577EF9-5D5A-4EBF-BAC9-A64002C0C89D}.Debug|x64.Build.0 = Debug|x64
		{82577EF9-5D5A-4EBF-BAC9-A64002C0C89D}.Debug|x86.ActiveCfg = Debug|Win32
		{82577EF9-5D5A-4EBF-BAC9-A64002C0C89D}.Debug|x86.Build.0 = Debug|Win32
		{82577EF9-5D5A-4EBF-BAC9-A64002C0C89D}.Release|x64.ActiveCfg = Release|x64
		{82577EF9-5D5A-4EBF-BAC9-A64002C0C89D}.Release|x64.Build.0 = Release|x64
		{82577EF9-5D5A-4EBF-BAC9-A64002C0C89D}.Release|x86.ActiveCfg = Release|Win32
		{82577EF9-5D5A-4EBF-BAC9-A64002C0C89D}.Release|x86.Build.0 = Release|Win32
		{041C00D8-7476-46A8-A218-B3A919ED3E93}.Debug|x64.ActiveCfg = Debug|x64
		{041C00D8-7476-46A8-A218-B3A919ED3E93}.Debug|x64.Build.0 = Debug|x64
		{041C00D8-7476-46A8-A218-B3A919ED3E93}.Debug|x86.ActiveCfg = Debug|Win32
		{041C00D8-7476-46A8-A218-B3A919ED3E93}.Debug|x86.Build.0 = Debug|Win32
		{041C00D8-7476-46A8-A218-B3A919ED3E93}.Release|x64.ActiveCfg = Release|x64
		{041C00D8-7476-46A8-A218-B3A919ED3E93}.Release|x64.Build.0 = Release|x64
		{041C00D8-7476-46A8-A218-B3A919ED3E93}.Release|x86.ActiveCfg = Release|Win32
		{041C00D8-7476-46A8-A218-B3A919ED3E93}.Release|x86.Build.0 = Release|Win32
		{FAF76EDF-6EB0-44B4-9D5C-6630E543D4B2}.Debug|x64.ActiveCfg = Debug|x64
		{FAF76EDF-6EB0-44B4-9D5C-6630E543D4B2}.Debug|x64.Build.0 = Debug|x64
		{FAF76EDF-6EB0-44B4-9D5C-6630E543D4B2}.Debug|x86.ActiveCfg = Debug|Win32
		{FAF76EDF-6EB0-44B4-9D5C-6630E543D4B2}.Debug|x86.Build.0 = Debug|Win32
		{FAF76EDF-6EB0-44B4-9D5C-6630E543D4B2}.Release|x64.ActiveCfg = Release|x64
		{FAF76EDF-6EB0-44B4-9D5C-6630E543D4B2}.Release|x64.Build.0 = Release|x64
		{FAF76EDF-6EB0-44B4-9D5C-6630E543D4B2}.Release|x86.ActiveCfg = Release|Win32
		{FAF76EDF-6EB0-44B4-9D5C-6630E543D4B2}.Release|x86.Build.0 = Release|Win32
		{9C8545D2-0C19-4AF9-9FF3-FE114182F756}.Debug|x64.ActiveCfg = Debug|x64
		{9C8545D2-0C19-4AF9-9FF3-FE114182F756}.Debug|x64.Build.0 = Debug|x64
		{9C8545D2-0C19-4AF9-9FF3-FE114182F756}.Debug|x86.ActiveCfg = Debug|Win32
		{9C8545D2-0C19-4AF9-9FF3-FE114182F756}.Debug|x86.Build.0 = Debug|Win32
		{9C8545D2-0C19-4AF9-9FF3-FE114182F756}.Release|x64.ActiveCfg = Release|x64
		{9C8545D2-0C19-4AF9-9FF3-FE114182F756}.Release|x64.Build.0 = Release|x64
		{9C8545D2-0C19-4AF9-9FF3-FE114182F756}.Release|x86.ActiveCfg = Release|Win32
		{9C8545D2-0C19-4AF9-9FF3-FE114182F756}.Release|x86.Build.0 = Release|Win32
		{D1745560-F012-4543-8F24-5DE01EB40B6E}.Debug|x64.ActiveCfg = Debug|x64
		{D1745560-F012-4543-8F24-5DE01EB40B6E}.Debug|x64.Build.0 = Debug|x64
		{D1745560-F012-4543-8F24-5DE01EB40B6E}.Debug|x86.ActiveCfg = Debug|Win32
		{D1745560-F012-4543-8F24-5DE01EB40B6E}.Debug|x86.Build.0 = Debug|Win32
		{D1745560-F012-4543-8F24-5DE01EB40B6E}.Release|x64.ActiveCfg = Release|x64
		{D1745560-F012-4543-8F24-5DE01EB40B6E}.Release|x64.Build.0 = Release|x64
		{D1745560-F012-4543-8F24-5DE01EB40B6E}.Release|x86.ActiveCfg = Release|Win32
		{D1745560-F012-4543-8F24-5DE01EB40B6E}.Release|x86.Build.0 = Release|Win32
		{976A4B10-2450-41AE-AF5D-01D34EBC0E36}.Debug|x64.ActiveCfg = Debug|x64
		{976A4B10-2450-41AE-AF5D-01D34EBC0E36}.Debug|x64.Build.0 = Debug|x64
		{976A4B10-2450-41AE-AF5D-01D34EBC0E36}.Debug|x86.ActiveCfg = Debug|Win32
		{976A4B10-2450-41AE-AF5D-01D34EBC0E36}.Debug|x86.Build.0 = Debug|Win32
		{976A4B10-2450-41AE-AF5D-01D34EBC0E36}.Release|x64.ActiveCfg = Release|x64
		{976A4B10-2450-41AE-AF5D-01D34EBC0E36}.Release|x64.Build.0 = Release|x64
		{976A4B10-2450-41AE-AF5D-01D34EBC0E36}.Release|x86.ActiveCfg = Release|Win32
		{976A4B10-2450-41AE-AF5D-01D34EBC0E36}.Release|x86.Build.0 = Release|Win32
		{19790807-7C9D-4F3E-98FF-E45175867A7B}.Debug|x64.ActiveCfg = Debug|x64
		{19790807-7C9D-4F3E-98FF-E45175867A7B}.Debug|x64.Build.0 = Debug|x64
		{19790807-7C9D-4F3E-98FF-E45175867A7B}.Debug|x86.ActiveCfg = Debug|Win32
		{19790807-7C9D-4F3E-98FF-E45175867A7B}.Debug|x86.Build.0 = Debug|Win32
		{19790807-7C9D-4F3E-98FF-E45175867A7B}.Release|x64.ActiveCfg = Release|x64
		{19790807-7C9D-4F3E-98FF-E45175867A7B}.Release|x64.Build.0 = Release|x64
		{19790807-7C9D-4F3E-98FF-E45175867A7B}.Release|x86.ActiveCfg = Release|Win32
		{19790807-7C9D-4F3E-98FF-E45175867A7B}.Release|x86.Build.0 = Release|Win32
		{AE137D6E-3B3C-4AEB-8EB7-38FC07276562}.Debug|x64.ActiveCfg = Debug|x64
		{AE137D6E-3B3C-4AEB-8EB7-38FC07276562}.Debug|x64.Build.0 = Debug|x64
		{AE137D6E-3B3C-4AEB-8EB7-38FC07276562}.Debug|x86.ActiveCfg = Debug|Win32
		{AE137D6E-3B3C-4AEB-8EB7-38FC07276562}.Debug|x86.Build.0 = Debug|Win32
		{AE137D6E-3B3C-4AEB-8EB7-38FC07276562}.Release|x64.ActiveCfg = Release|x64
		{AE137D6E-3B3C-4AEB-8EB7-38FC07276562}.Release|x64.Build.0 = Release|x64
		{AE137D6E-3B3C-4AEB-8EB7-38FC07276562}.Release|x86.ActiveCfg = Release|Win32
		{AE137D6E-3B3C-4AEB-8EB7-38FC07276562}.Release|x86.Build.0 = Release|Win32
		{9A0E82D0-2495-4D92-AEE7-1ED3915A5881}.Debug|x64.ActiveCfg = Debug|x64
		{9A0E82D0-2495-4D92-AEE7-1ED3915A5881}.Debug|x64.Build.0 = Debug|x64
		{9A0E82D0-2495-4D92-AEE7-1ED3915A5881}.Debug|x86.ActiveCfg = Debug|Win32
		{9A0E82D0-2495-4D92-AEE7-1ED3915A5881}.Debug|x86.Build.0 = Debug|Win32
		{9A0E82D0-2495-4D92-AEE7-1ED3915A5881}.Release|x64.ActiveCfg = Release|x64
		{9A0E82D0-2495-4D92-AEE7-1ED3915A5881}.Release|x64.Build.0 = Release|x64
		{9A0E82D0-2495-4D92-AEE7-1ED3915A5881}.Release|x86.ActiveCfg = Release|Win32
		{9A0E82D0-2495-4D92-AEE7-1ED3915A5881}.Release|x86.Build.0 = Release|Win32
		{B8BBDEF0-FB1C-4EB9-9D6E-2990D1C8EC82}.Debug|x64.ActiveCfg = Debug|x64
		{B8BBDEF0-FB1C-4EB9-9D6E-2990D1C8EC82}.Debug|x64.Build.0 = Debug|x64
		{B8BBDEF0-FB1C-4EB9-9D6E-2990D1C8EC82}.Debug|x86.ActiveCfg = Debug|Win32
		{B8BBDEF0-FB1C-4EB9-9D6E-2990D1C8EC82}.Debug|x86.Build.0 = Debug|Win32
		{B8BBDEF0-FB1C-4EB9-9D6E-2990D1C8EC82}.Release|x64.ActiveCfg = Release|x64
		{B8BBDEF0-FB1C-4EB9-9D6E-2990D1C8EC82}.Release|x64.Build.0 = Release|x64
		{B8BBDEF0-FB1C-4EB9-9D6E-2990D1C8EC82}.Release|x86.ActiveCfg = Release|Win32
		{B8BBDEF0-FB1C-4EB9-9D6E-2990D1C8EC82}.Release|x86.Build.0 = Release|Win32
		{86657AC6-8EFE-49A0-AFA1-6E7341CE611B}.Debug|x64.ActiveCfg = Debug|x64
		{86657AC6-8EFE-49A0-AFA1-6E7341CE611B}.Debug|x64.Build.0 = Debug|x64
		{86657AC6-8EFE-49A0-AFA1-6E7341CE611B}.Debug|x86.ActiveCfg = Debug|Win32
		{86657AC6-8EFE-49A0-AFA1-6E7341CE611B}.Debug|x86.Build.0 = Debug|Win32
		{86657AC6-8EFE-49A0-AFA1-6E7341CE611B}.Release|x64.ActiveCfg = Release|x64
		{86657AC6-8EFE-49A0-AFA1-6E7341CE611B}.Release|x64.Build.0 = Release|x64
		{86657AC6-8EFE-49A0-AFA1-6E7341CE611B}.Release|x86.ActiveCfg = Release|Win32
		{86657AC6-8EFE-49A0-AFA1-6E7341CE611B}.Release|x86.Build.0 = Release|Win32
		{1280BE78-CB41-428B-B91B-3352417D5FA4}.Debug|x64.ActiveCfg = Debug|x64
		{1280BE78-CB41-428B-B91B-3352417D5FA4}.Debug|x64.Build.0 = Debug|x64
		{1280BE78-CB41-428B-B91B-3352417D5FA4}.Debug|x86.ActiveCfg = Debug|Win32
		{1280BE78-CB41-428B-B91B-3352417D5FA4}.Debug|x86.Build.0 = Debug|Win32
		{1280BE78-CB41-428B-B91B-3352417D5FA4}.Release|x64.ActiveCfg = Release|x64
		{1280BE78-CB41-428B-B91B-3352417D5FA4}.Release|x64.Build.0 = Release|x64
		{1280BE78-CB41-428B-B91B-3352417D5FA4}.Release|x86.ActiveCfg = Release|Win32
		{1280BE78-CB41-428B-B91B-3352417D5FA4}.Release|x86.Build.0 = Release|Win32
		{5B252BD8-8A74-4A1A-A15F-63FACC8708D2}.Debug|x64.ActiveCfg = Debug|x64
		{5B252BD8-8A74-4A1A-A15F-63FACC8708D2}.Debug|x64.Build.0 = Debug|x64
		{5B252BD8-8A74-4A1A-A15F-63FACC8708D2}.Debug|x86.ActiveCfg = Debug|Win32
		{5B252BD8-8A74-4A1A-A15F-63FACC8708D2}.Debug|x86.Build.0 = Debug|Win32
		{5B252BD8-8A74-4A1A-A15F-63FACC8708D2}.Release|x64.ActiveCfg = Release|x64
		{5B252BD8-8A74-4A1A-A15F-63FACC8708D2}.Release|x64.Build.0 = Release|x64
		{5B252BD8-8A74-4A1A-A15F-63FACC8708D2}.Release|x86.ActiveCfg = Release|Win32
		{5B252BD8-8A74-4A1A-A15F-63FACC8708D2}.Release|x86.Build.0 = Release|Win32
		{691ABD5E-E07A-45F2-A1D0-DC50CBF27C35}.Debug|x64.ActiveCfg = Debug|x64
		{691ABD5E-E07A-45F2-A1D0-DC50CBF27C35}.Debug|x64.Build.0 = Debug|x64
		{691ABD5E-E07A-45F2-A1D0-DC50CBF27C35}.Debug|x86.ActiveCfg = Debug|Win32
		{691ABD5E-E07A-45F2-A1D0-DC50CBF27C35}.Debug|x86.Build.0 = Debug|Win32
		{691ABD5E-E07A-45F2-A1D0-DC50CBF27C35}.Release|x64.ActiveCfg = Release|x64
		{691ABD5E-E07A-45F2-A1D0-DC50CBF27C35}.Release|x64.Build.0 = Release|x64
		{691ABD5E-E07A-45F2-A1D0-DC50CBF27C35}.Release|x86.ActiveCfg = Release|Win32
		{691ABD5E-E07A-45F2-A1D0-DC50CBF27C35}.Release|x86.Build.0 = Release|Win32
		{F475B965-77C7-4FB8-8084-E8D3003190AC}.Debug|x64.ActiveCfg = Debug|x64
		{F475B965-77C7-4FB8-8084-E8D3003190AC}.Debug|x64.Build.0 = Debug|x64
		{F475B965-77C7-4FB8-8084-E8D3003190AC}.Debug|x86.ActiveCfg = Debug|Win32
		{F475B965-77C7-4FB8-8084-E8D3003190AC}.Debug|x86.Build.0 = Debug|Win32
		{F475B965-77C7-4FB8-8084-E8D3003190AC}.Release|x64.ActiveCfg = Release|x64
		{F475B965-77C7-4FB8-8084-E8D3003190AC}.Release|x64.Build.0 = Release|x64
		{F475B965-77C7-4FB8-8084-E8D3003190AC}.Release|x86.ActiveCfg = Release|Win32
		{F475B965-77C7-4FB8-8084-E8D3003190AC}.Release|x86.Build.0 = Release|Win32
		{9F250DDC-6356-4BC4-80AB-BAB8A0205D91}.Debug|x64.ActiveCfg = Debug|x64
		{9F250DDC-6356-4BC4-80AB-BAB8A0205D91}.Debug|x64.Build.0 = Debug|x64
		{9F250DDC-6356-4BC4-80AB-BAB8A0205D91}.Debug|x86.ActiveCfg = Debug|Win32
		{9F250DDC-6356-4BC4-80AB-BAB8A0205D91}.Debug|x86.Build.0 = Debug|Win32
		{9F250DDC-6356-4BC4-80AB-BAB8A0205D91}.Release|x64.ActiveCfg = Release|x64
		{9F250DDC-6356-4BC4-80AB-BAB8A0205D91}.Release|x64.Build.0 = Release|x64
		{9F250DDC-6356-4BC4-80AB-BAB8A0205D91}.Release|x86.ActiveCfg = Release|Win32
		{9F250DDC-6356-4BC4-80AB-BAB8A0205D91}.Release|x86.Build.0 = Release|Win32
		{42FF999E-2728-47CC-974B-B3DFFFC411E5}.Debug|x64.ActiveCfg = Debug|x64
		{42FF999E-2728-47CC-974B-B3DFFFC411E5}.Debug|x64.Build.0 = Debug|x64
		{42FF999E-2728-47CC-974B-B3DFFFC411E5}.Debug|x86.ActiveCfg = Debug|Win32
		{42FF999E-2728-47CC-974B-B3DFFFC411E5}.Debug|x86.Build.0 = Debug|Win32
		{42FF999E-2728-47CC-974B-B3DFFFC411E5}.Release|x64.ActiveCfg = Release|x64
		{42FF999E-2728-47CC-974B-B3DFFFC411E5}.Release|x64.Build.0 = Release|x64
		{42FF999E-2728-47CC-974B-B3DFFFC411E5}.Release|x86.ActiveCfg = Release|Win32
		{42FF999E-2728-47CC-974B-B3DFFFC411E5}.Release|x86.Build.0 = Release|Win32
		{F0334CE4-3461-4ABA-AD97-4DB1D858B960}.Debug|x64.ActiveCfg = Debug|x64
		{F0334CE4-3461-4ABA-AD97-4DB1D858B960}.Debug|x64.Build.0 = Debug|x64
		{F0334CE4-3461-4ABA-AD97-4DB1D858B960}.Debug|x86.ActiveCfg = Debug|Win32
		{F0334CE4-3461-4ABA-AD97-4DB1D858B960}.Debug|x86.Build.0 = Debug|Win32
		{F0334CE4-3461-4ABA-AD97-4DB1D858B960}.Release|x64.ActiveCfg = Release|x64
		{F0334CE4-3461-4ABA-AD97-4DB1D858B960}.Release|x64.Build.0 = Release|x64
		{F0334CE4-3461-4ABA-AD97-4DB1D858B960}.Release|x86.ActiveCfg = Release|Win32
		{F0334CE4-3461-4ABA-AD97-4DB1D858B960}.Release|x86.Build.0 = Release|Win32
		{AF326D2D-F8BF-4403-B23A-9C6018CEDB46}.Debug|x64.ActiveCfg = Debug|x64
		{AF326D2D-F8BF-4403-B23A-9C6018CEDB46}.Debug|x64.Build.0 = Debug|x64
		{AF326D2D-F8BF-4403-B23A-9C6018CEDB46}.Debug|x86.ActiveCfg = Debug|Win32
		{AF326D2D-F8BF-4403-B23A-9C6018CEDB46}.Debug|x86.Build.0 = Debug|Win32
		{AF326D2D-F8BF-4403-B23A-9C6018CEDB46}.Release|x64.ActiveCfg = Release|x64
		{AF326D2D-F8BF-4403-B23A-9C6018CEDB46}.Release|x64.Build.0 = Release|x64
		{AF326D2D-F8BF-4403-B23A-9C6018CEDB46}.Release|x86.ActiveCfg = Release|Win32
		{AF326D2D-F8BF-4403-B23A-9C6018CEDB46}.Release|x86.Build.0 = Release|Win32
		{C98A954E-5CE1-4489-B113-819F03B8C08A}.Debug|x64.ActiveCfg = Debug|x64
		{C98A954E-5CE1-4489-B113-819F03B8C08A}.Debug|x64.Build.0 = Debug|x64
		{C98A954E-5CE1-4489-B113-819F03B8C08A}.Debug|x86.ActiveCfg = Debug|Win32
		{C98A954E-5CE1-4489-B113-819F03B8C08A}.Debug|x86.Build.0 = Debug|Win32
		{C98A954E-5CE1-4489-B113-819F03B8C08A}.Release|x64.ActiveCfg = Release|x64
		{C98A954E-5CE1-4489-B113-819F03B8C08A}.Release|x64.Build.0 = Release|x64
		{C98A954E-5CE1-4489-B113-819F03B8C08A}.Release|x86.ActiveCfg = Release|Win32
		{C98A954E-5CE1-4489-B113-819F03B8C08A}.Release|x86.Build.0 = Release|Win32
		{3B4C0614-7FF7-46A1-9243-9EF46DE82C9C}.Debug|x64.ActiveCfg = Debug|x64
		{3B4C0614-7FF7-46A1-9243-9EF46DE82C9C}.Debug|x64.Build.0 = Debug|x64
		{3B4C0614-7FF7-46A1-9243-9EF46DE82C9C}.Debug|x86.ActiveCfg = Debug|Win32
		{3B4C0614-7FF7-46A1-9243-9EF46DE82C9C}.Debug|x86.Build.0 = Debug|Win32
		{3B4C0614-7FF7-46A1-9243-9EF46DE82C9C}.Release|x64.ActiveCfg = Release|x64
		{3B4C0614-7FF7-46A1-9243-9EF46DE82C9C}.Release|x64.Build.0 = Release|x64
		{3B4C0614-7FF7-46A1-9243-9EF46DE82C9C}.Release|x86.ActiveCfg = Release|Win32
		{3B4C0614-7FF7-46A1-9243-9EF46DE82C9C}.Release|x86.Build.0 = Release|Win32
		{4667D5C4-0CBB-4587-9BA4-0A40495533EE}.Debug|x64.ActiveCfg = Debug|x64
		{4667D5C4-0CBB-4587-9BA4-0A40495533EE}.Debug|x64.Build.0 = Debug|x64
		{4667D5C4-0CBB-4587-9BA4-0A40495533EE}.Debug|x86.ActiveCfg = Debug|Win32
		{4667D5C4-0CBB-4587-9BA4-0A40495533EE}.Debug|x86.Build.0 = Debug|Win32
		{4667D5C4-0CBB-4587-9BA4-0A40495533EE}.Release|x64.ActiveCfg = Release|x64
		{4667D5C4-0CBB-4587-9BA4-0A40495533EE}.Release|x64.Build.0 = Release|x64
		{4667D5C4-0CBB-4587-9BA4-0A40495533EE}.Release|x86.ActiveCfg = Release|Win32
		{4667D5C4-0CBB-4587-9BA4-0A40495533EE}.Release|x86.Build.0 = Release|Win32
		{9B1FA31E-B5AD-43A5-AC9C-B090BA072391}.Debug|x64.ActiveCfg = Debug|x64
		{9B1FA31E-B5AD-43A5-AC9C-B090BA072391}.Debug|x64.Build.0 = Debug|x64
		{9B1FA31E-B5AD-43A5-AC9C-B090BA072391}.Debug|x86.ActiveCfg = Debug|Win32
		{9B1FA31E-B5AD-43A5-AC9C-B090BA072391}.Debug|x86.Build.0 = Debug|Win32
		{9B1FA31E-B5AD-43A5-AC9C-B090BA072391}.Release|x64.ActiveCfg = Release|x64
		{9B1FA31E-B5AD-43A5-AC9C-B090BA072391}.Release|x64.Build.0 = Release|x64
		{9B1FA31E-B5AD-43A5-AC9C-B090BA072391}.Release|x86.ActiveCfg = Release|Win32
		{9B1FA31E-B5AD-43A5-AC9C-B090BA072391}.Release|x86.Build.0 = Release|Win32
		{B0FC5BCD-E91D-4245-9D8E-F24DD1CD6AB3}.Debug|x64.ActiveCfg = Debug|x64
		{B0FC5BCD-E91D-4245-9D8E-F24DD1CD6AB3}.Debug|x64.Build.0 = Debug|x64
		{B0FC5BCD-E91D-4245-9D8E-F24DD1CD6AB3}.Debug|x86.ActiveCfg = Debug|Win32
		{B0FC5BCD-E91D-4245-9D8E-F24DD1CD6AB3}.Debug|x86.Build.0 = Debug|Win32
		{B0FC5BCD-E91D-4245-9D8E-F24DD1CD6AB3}.Release|x64.ActiveCfg = Release|x64
		{B0FC5BCD-E91D-4245-9D8E-F24DD1CD6AB3}.Release|x64.Build.0 = Release|x64
		{B0FC5BCD-E91D-4245-9D8E-F24DD1CD6AB3}.Release|x86.ActiveCfg = Release|Win32
		{B0FC5BCD-E91D-4245-9D8E-F24DD1CD6AB3}.Release|x86.Build.0 = Release|Win32
		{075EBAC9-3724-4A82-96FC-D9C8CFBEB7E5}.Debug|x64.ActiveCfg = Debug|x64
		{075EBAC9-3724-4A82-96FC-D9C8CFBEB7E5}.Debug|x64.Build.0 = Debug|x64
		{075EBAC9-3724-4A82-96FC-D9C8CFBEB7E5}.Debug|x86.ActiveCfg = Debug|Win32
		{075EBAC9-3724-4A82-96FC-D9C8CFBEB7E5}.Debug|x86.Build.0 = Debug|Win32
		{075EBAC9-3724-4A82-96FC-D9C8CFBEB7E5}.Release|x64.ActiveCfg = Release|x64
		{075EBAC9-3724-4A82-96FC-D9C8CFBEB7E5}.Release|x64.Build.0 = Release|x64
		{075EBAC9-3724-4A82-96FC-D9C8CFBEB7E5}.Release|x86.ActiveCfg = Release|Win32
		{075EBAC9-3724-4A82-96FC-D9C8CFBEB7E5}.Release|x86.Build.0 = Release|Win32
		{906C26C6-618B-44E9-A262-4D2B939134F5}.Debug|x64.ActiveCfg = Debug|x64
		{906C26C6-618B-44E9-A262-4D2B939134F5}.Debug|x64.Build.0 = Debug|x64
		{906C26C6-618B-44E9-A262-4D2B939134F5}.Debug|x86.ActiveCfg = Debug|Win32
		{906C26C6-618B-44E9-A262-4D2B939134F5}.Debug|x86.Build.0 = Debug|Win32
		{906C26C6-618B-44E9-A262-4D2B939134F5}.Release|x64.ActiveCfg = Release|x64
		{906C26C6-618B-44E9-A262-4D2B939134F5}.Release|x64.Build.0 = Release|x64
		{906C26C6-618B-44E9-A262-4D2B939134F5}.Release|x86.ActiveCfg = Release|Win32
		{906C26C6-618B-44E9-A262-4D2B939134F5}.Release|x86.Build.0 = Release|Win32
		{2DB52D0D-9147-4684-9BBD-60A30F40B6E3}.Debug|x64.ActiveCfg = Debug|x64
		{2DB52D0D-9147-4684-9BBD-60A30F40B6E3}.Debug|x64.Build.0 = Debug|x64
		{2DB52D0D-9147-4684-9BBD-60A30F40B6E3}.Debug|x86.ActiveCfg = Debug|Win32
		{2DB52D0D-9147-4684-9BBD-60A30F40B6E3}.Debug|x86.Build.0 = Debug|Win32
		{2DB52D0D-9147-4684-9BBD-60A30F40B6E3}.Release|x64.ActiveCfg = Release|x64
		{2DB52D0D-9147-4684-9BBD-60A30F40B6E3}.Release|x64.Build.0 = Release|x64
		{2DB52D0D-9147-4684-9BBD-60A30F40B6E3}.Release|x86.ActiveCfg = Release|Win32
		{2DB52D0D-9147-4684-9BBD-60A30F40B6E3}.Release|x86.Build.0 = Release|Win32
		{72A77D7B-3937-46DB-903F-C65ECF19AEB3}.Debug|x64.ActiveCfg = Debug|x64
		{72A77D7B-3937-46DB-903F-C65ECF19AEB3}.Debug|x64.Build.0 = Debug|x64
		{72A77D7B-3937-46DB-903F-C65ECF19AEB3}.Debug|x86.ActiveCfg = Debug|Win32
		{72A77D7B-3937-46DB-903F-C65ECF19AEB3}.Debug|x86.Build.0 = Debug|Win32
		{72A77D7B-3937-46DB-903F-C65ECF19AEB3}.Release|x64.ActiveCfg = Release|x64
		{72A77D7B-3937-46DB-903F-C65ECF19AEB3}.Release|x64.Build.0 = Release|x64
		{72A77D7B-3937-46DB-903F-C65ECF19AEB3}.Release|x86.ActiveCfg = Release|Win32
		{72A77D7B-3937-46DB-903F-C65ECF19AEB3}.Release|x86.Build.0 = Release|Win32
		{2266C74A-1165-4DAD-BD15-0D60611BB47C}.Debug|x64.ActiveCfg = Debug|x64
		{2266C74A-1165-4DAD-BD15-0D60611BB47C}.Debug|x64.Build.0 = Debug|x64
		{2266C74A-1165-4DAD-BD15-0D60611BB47C}.Debug|x86.ActiveCfg = Debug|Win32
		{2266C74A-1165-4DAD-BD15-0D60611BB47C}.Debug|x86.Build.0 = Debug|Win32
		{2266C74A-1165-4DAD-BD15-0D60611BB47C}.Release|x64.ActiveCfg = Release|x64
		{2266C74A-1165-4DAD-BD15-0D60611BB47C}.Release|x64.Build.0 = Release|x64
		{2266C74A-1165-4DAD-BD15-0D60611BB47C}.Release|x86.ActiveCfg = Release|Win32
		{2266C74A-1165-4DAD-BD15-0D60611BB47C}.Release|x86.Build.0 = Release|Win32
		{1A06C942-82DF-41F0-B810-57E679FF8F9D}.Debug|x64.ActiveCfg = Debug|x64
		{1A06C942-82DF-41F0-B810-57E679FF8F9D}.Debug|x64.Build.0 = Debug|x64
		{1A06C942-82DF-41F0-B810-57E679FF8F9D}.Debug|x86.ActiveCfg = Debug|Win32
		{1A06C942-82DF-41F0-B810-57E679FF8F9D}.Debug|x86.Build.0 = Debug|Win32
		{1A06C942-82DF-41F0-B810-57E679FF8F9D}.Release|x64.ActiveCfg = Release|x64
		{1A06C942-82DF-41F0-B810-57E679FF8F9D}.Release|x64.Build.0 = Release|x64
		{1A06C942-82DF-41F0-B810-57E679FF8F9D}.Release|x86.ActiveCfg = Release|Win32
		{1A06C942-82DF-41F0-B810-57E679FF8F9D}.Release|x86.Build.0 = Release|Win32
		{96F243CF-B734-4F63-8399-34F5B7F76914}.Debug|x64.ActiveCfg = Debug|x64
		{96F243CF-B734-4F63-8399-34F5B7F76914}.Debug|x64.Build.0 = Debug|x64
		{96F243CF-B734-4F63-8399-34F5B7F76914}.Debug|x86.ActiveCfg = Debug|Win32
		{96F243CF-B734-4F63-8399-34F5B7F76914}.Debug|x86.Build.0 = Debug|Win32
		{96F243CF-B734-4F63-8399-34F5B7F76914}.Release|x64.ActiveCfg = Release|x64
		{96F243CF-B734-4F63-8399-34F5B7F76914}.Release|x64.Build.0 = Release|x64
		{96F243CF-B734-4F63-8399-34F5B7F76914}.Release|x86.ActiveCfg = Release|Win32
		{96F243CF-B734-4F63-8399-34F5B7F76914}.Release|x86.Build.0 = Release|Win32
		{1BAC1CBC-A820-4B79-AFFC-F422043FE35D}.Debug|x64.ActiveCfg = Debug|x64
		{1BAC1CBC-A820-4B79-AFFC-F422043FE35D}.Debug|x64.Build.0 = Debug|x64
		{1BAC1CBC-A820-4B79-AFFC-F422043FE35D}.Debug|x86.ActiveCfg = Debug|Win32
		{1BAC1CBC-A820-4B79-AFFC-F422043FE35D}.Debug|x86.Build.0 = Debug|Win32
		{1BAC1CBC-A820-4B79-AFFC-F422043FE35D}.Release|x64.ActiveCfg = Release|x64
		{1BAC1CBC-A820-4B79-AFFC-F422043FE35D}.Release|x64.Build.0 = Release|x64
		{1BAC1CBC-A820-4B79-AFFC-F422043FE35D}.Release|x86.ActiveCfg = Release|Win32
		{1BAC1CBC-A820-4B79-AFFC-F422043FE35D}.Release|x86.Build.0 = Release|Win32
		{AE3C5641-B7B2-44B3-A4B2-573D889C06B4}.Debug|x64.ActiveCfg = Debug|x64
		{AE3C5641-B7B2-44B3-A4B2-573D889C06B4}.Debug|x64.Build.0 = Debug|x64
		{AE3C5641-B7B2-44B3-A4B2-573D889C06B4}.Debug|x86.ActiveCfg = Debug|Win32
		{AE3C5641-B7B2-44B3-A4B2-573D889C06B4}.Debug|x86.Build.0 = Debug|Win32
		{AE3C5641-B7B2-44B3-A4B2-573D889C06B4}.Release|x64.ActiveCfg = Release|x64
		{AE3C5641-B7B2-44B3-A4B2-573D889C06B4}.Release|x64.Build.0 = Release|x64
		{AE3C5641-B7B2-44B3-A4B2-573D889C06B4}.Release|x86.ActiveCfg = Release|Win32
		{AE3C5641-B7B2-44B3-A4B2-573D889C06B4}.Release|x86.Build.0 = Release|Win32
		{6015ACF3-D561-4C90-B39B-44815F76494A}.Debug|x64.ActiveCfg = Debug|x64
		{6015ACF3-D561-4C90-B39B-44815F76494A}.Debug|x64.Build.0 = Debug|x64
		{6015ACF3-D561-4C90-B39B-44815F76494A}.Debug|x86.ActiveCfg = Debug|Win32
		{6015ACF3-D561-4C90-B39B-44815F76494A}.Debug|x86.Build.0 = Debug|Win32
		{6015ACF3-D561-4C90-B39B-44815F76494A}.Release|x64.ActiveCfg = Release|x64
		{6015ACF3-D561-4C90-B39B-44815F76494A}.Release|x64.Build.0 = Release|x64
		{6015ACF3-D561-4C90-B39B-44815F76494A}.Release|x86.ActiveCfg = Release|Win32
		{6015ACF3-D561-4C90-B39B-44815F76494A}.Release|x86.Build.0 = Release|Win32
		{15C246DA-1715-4B93-8FCD-72A553DD229C}.Debug|x64.ActiveCfg = Debug|x64
		{15C246DA-1715-4B93-8FCD-72A553DD229C}.Debug|x64.Build.0 = Debug|x64
		{15C246DA-1715-4B93-8FCD-72A553DD229C}.Debug|x86.ActiveCfg = Debug|Win32
		{15C246DA-1715-4B93-8FCD-72A553DD229C}.Debug|x86.Build.0 = Debug|Win32
		{15C246DA-1715-4B93-8FCD-72A553DD229C}.Release|x64.ActiveCfg = Release|x64
		{15C246DA-1715-4B93-8FCD-72A553DD229C}.Release|x64.Build.0 = Release|x64
		{15C246DA-1715-4B93-8FCD-72A553DD229C}.Release|x86.ActiveCfg = Release|Win32
		{15C246DA-1715-4B93-8FCD-72A553DD229C}.Release|x86.Build.0 = Release|Win32
		{5B1D61E5-A4F1-4633-9163-06880486D5F8}.Debug|x64.ActiveCfg = Debug|x64
		{5B1D61E5-A4F1-4633-9163-06880486D5F8}.Debug|x64.Build.0 = Debug|x64
		{5B1D61E5-A4F1-4633-9163-06880486D5F8}.Debug|x86.ActiveCfg = Debug|Win32
		{5B1D61E5-A4F1-4633-9163-06880486D5F8}.Debug|x86.Build.0 = Debug|Win32
		{5B1D61E5-A4F1-4633-9163-06880486D5F8}.Release|x64.ActiveCfg = Release|x64
		{5B1D61E5-A4F1-4633-9163-06880486D5F8}.Release|x64.Build.0 = Release|x64
		{5B1D61E5-A4F1-4633-9163-06880486D5F8}.Release|x86.ActiveCfg = Release|Win32
		{5B1D61E5-A4F1-4633-9163-06880486D5F8}.Release|x86.Build.0 = Release|Win32
		{2B5C0584-2618-4DAA-8871-EB04F084195F}.Debug|x64.ActiveCfg = Debug|x64
		{2B5C0584-2618-4DAA-8871-EB04F084195F}.Debug|x64.Build.0 = Debug|x64
		{2B5C0584-2618-4DAA-8871-EB04F084195F}.Debug|x86.ActiveCfg = Debug|Win32
		{2B5C0584-2618-4DAA-8871-EB04F084195F}.Debug|x86.Build.0 = Debug|Win32
		{2B5C0584-2618-4DAA-8871-EB04F084195F}.Release|x64.ActiveCfg = Release|x64
		{2B5C0584-2618-4DAA-8871-EB04F084195F}.Release|x64.Build.0 = Release|x64
		{2B5C0584-2618-4DAA-8871-EB04F084195F}.Release|x86.ActiveCfg = Release|Win32
		{2B5C0584-2618-4DAA-8871-EB04F084195F}.Release|x86.Build.0 = Release|Win32
		{30B54A75-0BE7-4F2B-8F6C-78353DD688DD}.Debug|x64.ActiveCfg = Debug|x64
		{30B54A75-0BE7-4F2B-8F6C-78353DD688DD}.Debug|x64.Build.0 = Debug|x64
		{30B54A75-0BE7-4F2B-8F6C-78353DD688DD}.Debug|x86.ActiveCfg = Debug|Win32
		{30B54A75-0BE7-4F2B-8F6C-78353DD688DD}.Debug|x86.Build.0 = Debug|Win32
		{30B54A75-0BE7-4F2B-8F6C-78353DD688DD}.Release|x64.ActiveCfg = Release|x64
		{30B54A75-0BE7-4F2B-8F6C-78353DD688DD}.Release|x64.Build.0 = Release|x64
		{30B54A75-0BE7-4F2B-8F6C-78353DD688DD}.Release|x86.ActiveCfg = Release|Win32
		{30B54A75-0BE7-4F2B-8F6C-78353DD688DD}.Release|x86.Build.0 = Release|Win32
		{611E989B-A0E5-4B90-A894-65B8A6F7D838}.Debug|x64.ActiveCfg = Debug|x64
		{611E989B-A0E5-4B90-A894-65B8A6F7D838}.Debug|x64.Build.0 = Debug|x64
		{611E989B-A0E5-4B90-A894-65B8A6F7D838}.Debug|x86.ActiveCfg = Debug|Win32
		{611E989B-A0E5-4B90-A894-65B8A6F7D838}.Debug|x86.Build.0 = Debug|Win32
		{611E989B-A0E5-4B90-A894-65B8A6F7D838}.Release|x64.ActiveCfg = Release|x64
		{611E989B-A0E5-4B90-A894-65B8A6F7D838}.Release|x64.Build.0 = Release|x64
		{611E989B-A0E5-4B90-A894-65B8A6F7D838}.Release|x86.ActiveCfg = Release|Win32
		{611E989B-A0E5-4B90-A894-65B8A6F7D838}.Release|x86.Build.0 = Release|Win32
		{F3F0F1AD-264C-4E01-AB14-8961B0F5AED9}.Debug|x64.ActiveCfg = Debug|x64
		{F3F0F1AD-264C-4E01-AB14-8961B0F5AED9}.Debug|x64.Build.0 = Debug|x64
		{F3F0F1AD-264C-4E01-AB14-8961B0F5AED9}.Debug|x86.ActiveCfg = Debug|Win32
		{F3F0F1AD-264C-4E01-AB14-8961B0F5AED9}.Debug|x86.Build.0 = Debug|Win32
		{F3F0F1AD-264C-4E01-AB14-8961B0F5AED9}.Release|x64.ActiveCfg = Release|x64
		{F3F0F1AD-264C-4E01-AB14-8961B0F5AED9}.Release|x64.Build.0 = Release|x64
		{F3F0F1AD-264C-4E01-AB14-8961B0F5AED9}.Release|x86.ActiveCfg = Release|Win32
		{F3F0F1AD-264C-4E01-AB14-8961B0F5AED9}.Release|x86.Build.0 = Release|Win32
		{AF8DB4BA-575C-4A40-B68B-2A6BD56DBC95}.Debug|x64.ActiveCfg = Debug|x64
		{AF8DB4BA-575C-4A40-B68B-2A6BD56DBC95}.Debug|x64.Build.0 = Debug|x64
		{AF8DB4BA-575C-4A40-B68B-2A6BD56DBC95}.Debug|x86.ActiveCfg = Debug|Win32
		{AF8DB4BA-575C-4A40-B68B-2A6BD56DBC95}.Debug|x86.Build.0 = Debug|Win32
		{AF8DB4BA-575C-4A40-B68B-2A6BD56DBC95}.Release|x64.ActiveCfg = Release|x64
		{AF8DB4BA-575C-4A40-B68B-2A6BD56DBC95}.Release|x64.Build.0 = Release|x64
		{AF8DB4BA-575C-4A40-B68B-2A6BD56DBC95}.Release|x86.ActiveCfg = Release|Win32
		{AF8DB4BA-575C-4A40-B68B-2A6BD56DBC95}.Release|x86.Build.0 = Release|Win32
		{32958D71-7C8F-451C-A684-5B3870939D35}.Debug|x64.ActiveCfg = Debug|x64
		{32958D71-7C8F-451C-A684-5B3870939D35}.Debug|x64.Build.0 = Debug|x64
		{32958D71-7C8F-451C-A684-5B3870939D35}.Debug|x86.ActiveCfg = Debug|Win32
		{32958D71-7C8F-451C-A684-5B3870939D35}.Debug|x86.Build.0 = Debug|Win32
		{32958D71-7C8F-451C-A684-5B3870939D35}.Release|x64.ActiveCfg = Release|x64
		{32958D71-7C8F-451C-A684-5B3870939D35}.Release|x64.Build.0 = Release|x64
		{32958D71-7C8F-451C-A684-5B3870939D35}.Release|x86.ActiveCfg = Release|Win32
		{32958D71-7C8F-451C-A684-5B3870939D35}.Release|x86.Build.0 = Release|Win32
		{C58138F5-A1DB-4F3B-BB57-3814F9B2A618}.Debug|x64.ActiveCfg = Debug|x64
		{C58138F5-A1DB-4F3B-BB57-3814F9B2A618}.Debug|x64.Build.0 = Debug|x64
		{C58138F5-A1DB-4F3B-BB57-3814F9B2A618}.Debug|x86.ActiveCfg = Debug|Win32
		{C58138F5-A1DB-4F3B-BB57-3814F9B2A618}.Debug|x86.Build.0 = Debug|Win32
		{C58138F5-A1DB-4F3B-BB57-3814F9B2A618}.Release|x64.ActiveCfg = Release|x64
		{C58138F5-A1DB-4F3B-BB57-3814F9B2A618}.Release|x64.Build.0 = Release|x64
		{C58138F5-A1DB-4F3B-BB57-3814F9B2A618}.Release|x86.ActiveCfg = Release|Win32
		{C58138F5-A1DB-4F3B-BB57-3814F9B2A618}.Release|x86.Build.0 = Release|Win32
		{DF95403A-0CF2-4057-9CF8-615710577885}.Debug|x64.ActiveCfg = Debug|x64
		{DF95403A-0CF2-4057-9CF8-615710577885}.Debug|x64.Build.0 = Debug|x64
		{DF95403A-0CF2-4057-9CF8-615710577885}.Debug|x86.ActiveCfg = Debug|Win32
		{DF95403A-0CF2-4057-9CF8-615710577885}.Debug|x86.Build.0 = Debug|Win32
		{DF95403A-0CF2-4057-9CF8-615710577885}.Release|x64.ActiveCfg = Release|x64
		{DF95403A-0CF2-4057-9CF8-615710577885}.Release|x64.Build.0 = Release|x64
		{DF95403A-0CF2-4057-9CF8-615710577885}.Release|x86.ActiveCfg = Release|Win32
		{DF95403A-0CF2-4057-9CF8-615710577885}.Release|x86.Build.0 = Release|Win32
	EndGlobalSection
	GlobalSection(SolutionProperties) = preSolution
		HideSolutionNode = FALSE
	EndGlobalSection
	GlobalSection(ExtensibilityGlobals) = postSolution
		SolutionGuid = {A8940169-B00A-4088-BE01-B07E55E06485}
	EndGlobalSection
EndGlobal
