<?xml version="1.0" encoding="utf-8"?>
<Project ToolsVersion="4.0" xmlns="http://schemas.microsoft.com/developer/msbuild/2003">
  <ItemGroup>
    <Filter Include="Source Files">
      <UniqueIdentifier>{4FC737F1-C7A5-4376-A066-2A32D752A2FF}</UniqueIdentifier>
      <Extensions>cpp;c;cc;cxx;c++;cppm;ixx;def;odl;idl;hpj;bat;asm;asmx</Extensions>
    </Filter>
    <Filter Include="Header Files">
      <UniqueIdentifier>{93995380-89BD-4b04-88EB-625FBE52EBFB}</UniqueIdentifier>
      <Extensions>h;hh;hpp;hxx;h++;hm;inl;inc;ipp;xsd</Extensions>
    </Filter>
    <Filter Include="Resource Files">
      <UniqueIdentifier>{67DA6AB6-F800-4c08-8B7A-83BB121AAD01}</UniqueIdentifier>
      <Extensions>rc;ico;cur;bmp;dlg;rc2;rct;bin;rgs;gif;jpg;jpeg;jpe;resx;tiff;tif;png;wav;mfcribbon-ms</Extensions>
    </Filter>
  </ItemGroup>
  <ItemGroup>
    <ClCompile Include="_015_.cpp">
      <Filter>Source Files</Filter>
    </ClCompile>
    <ClCompile Include="_016_.cpp">
      <Filter>Source Files</Filter>
    </ClCompile>
    <ClCompile Include="_020_.cpp">
      <Filter>Source Files</Filter>
    </ClCompile>
    <ClCompile Include="_021_.cpp">
      <Filter>Source Files</Filter>
    </ClCompile>
    <ClCompile Include="_024_.cpp">
      <Filter>Source Files</Filter>
    </ClCompile>
    <ClCompile Include="_025_.cpp">
      <Filter>Source Files</Filter>
    </ClCompile>
    <ClCompile Include="_027_.cpp">
      <Filter>Source Files</Filter>
    </ClCompile>
    <ClCompile Include="_028_.cpp">
      <Filter>Source Files</Filter>
    </ClCompile>
    <ClCompile Include="_032_.cpp">
      <Filter>Source Files</Filter>
    </ClCompile>
    <ClCompile Include="_033_.cpp">
      <Filter>Source Files</Filter>
    </ClCompile>
    <ClCompile Include="_035_.cpp">
      <Filter>Source Files</Filter>
    </ClCompile>
    <ClCompile Include="_037_.cpp">
      <Filter>Source Files</Filter>
    </ClCompile>
    <ClCompile Include="_038_.cpp">
      <Filter>Source Files</Filter>
    </ClCompile>
    <ClCompile Include="_039_.cpp">
      <Filter>Source Files</Filter>
    </ClCompile>
    <ClCompile Include="_042_.cpp">
      <Filter>Source Files</Filter>
    </ClCompile>
    <ClCompile Include="_048_.cpp">
      <Filter>Source Files</Filter>
    </ClCompile>
    <ClCompile Include="_049_.cpp">
      <Filter>Source Files</Filter>
    </ClCompile>
    <ClCompile Include="_051_.cpp">
      <Filter>Source Files</Filter>
    </ClCompile>
    <ClCompile Include="_053_.cpp">
      <Filter>Source Files</Filter>
    </ClCompile>
    <ClCompile Include="_055_.cpp">
      <Filter>Source Files</Filter>
    </ClCompile>
    <ClCompile Include="_059_.cpp">
      <Filter>Source Files</Filter>
    </ClCompile>
    <ClCompile Include="_061_.cpp">
      <Filter>Source Files</Filter>
    </ClCompile>
    <ClCompile Include="_063_.cpp">
      <Filter>Source Files</Filter>
    </ClCompile>
    <ClCompile Include="_065_.cpp">
      <Filter>Source Files</Filter>
    </ClCompile>
    <ClCompile Include="_067_.cpp">
      <Filter>Source Files</Filter>
    </ClCompile>
    <ClCompile Include="_069_.cpp">
      <Filter>Source Files</Filter>
    </ClCompile>
    <ClCompile Include="_071_.cpp">
      <Filter>Source Files</Filter>
    </ClCompile>
    <ClCompile Include="_073_.cpp">
      <Filter>Source Files</Filter>
    </ClCompile>
    <ClCompile Include="_077_.cpp">
      <Filter>Source Files</Filter>
    </ClCompile>
    <ClCompile Include="_078_.cpp">
      <Filter>Source Files</Filter>
    </ClCompile>
    <ClCompile Include="_080_.cpp">
      <Filter>Source Files</Filter>
    </ClCompile>
    <ClCompile Include="_082_.cpp">
      <Filter>Source Files</Filter>
    </ClCompile>
    <ClCompile Include="_083_.cpp">
      <Filter>Source Files</Filter>
    </ClCompile>
    <ClCompile Include="_086_.cpp">
      <Filter>Source Files</Filter>
    </ClCompile>
    <ClCompile Include="_088_.cpp">
      <Filter>Source Files</Filter>
    </ClCompile>
    <ClCompile Include="_091_.cpp">
      <Filter>Source Files</Filter>
    </ClCompile>
    <ClCompile Include="_095_.cpp">
      <Filter>Source Files</Filter>
    </ClCompile>
    <ClCompile Include="_098_.cpp">
      <Filter>Source Files</Filter>
    </ClCompile>
    <ClCompile Include="_100_.cpp">
      <Filter>Source Files</Filter>
    </ClCompile>
    <ClCompile Include="_102_.cpp">
      <Filter>Source Files</Filter>
    </ClCompile>
    <ClCompile Include="_109_.cpp">
      <Filter>Source Files</Filter>
    </ClCompile>
    <ClCompile Include="_114_.cpp">
      <Filter>Source Files</Filter>
    </ClCompile>
    <ClCompile Include="_120_.cpp">
      <Filter>Source Files</Filter>
    </ClCompile>
    <ClCompile Include="_124_.cpp">
      <Filter>Source Files</Filter>
    </ClCompile>
    <ClCompile Include="_135_.cpp">
      <Filter>Source Files</Filter>
    </ClCompile>
    <ClCompile Include="_138_.cpp">
      <Filter>Source Files</Filter>
    </ClCompile>
    <ClCompile Include="_140_.cpp">
      <Filter>Source Files</Filter>
    </ClCompile>
    <ClCompile Include="_141_.cpp">
      <Filter>Source Files</Filter>
    </ClCompile>
    <ClCompile Include="_143_.cpp">
      <Filter>Source Files</Filter>
    </ClCompile>
    <ClCompile Include="_144_.cpp">
      <Filter>Source Files</Filter>
    </ClCompile>
    <ClCompile Include="_145_.cpp">
      <Filter>Source Files</Filter>
    </ClCompile>
    <ClCompile Include="_147_.cpp">
      <Filter>Source Files</Filter>
    </ClCompile>
    <ClCompile Include="_149_.cpp">
      <Filter>Source Files</Filter>
    </ClCompile>
    <ClCompile Include="_152_.cpp">
      <Filter>Source Files</Filter>
    </ClCompile>
    <ClCompile Include="_154_.cpp">
      <Filter>Source Files</Filter>
    </ClCompile>
    <ClCompile Include="_156_.cpp">
      <Filter>Source Files</Filter>
    </ClCompile>
    <ClCompile Include="_158_.cpp">
      <Filter>Source Files</Filter>
    </ClCompile>
    <ClCompile Include="_160_.cpp">
      <Filter>Source Files</Filter>
    </ClCompile>
    <ClCompile Include="_165_vector.cpp">
      <Filter>Source Files</Filter>
    </ClCompile>
    <ClCompile Include="_167_vector.cpp">
      <Filter>Source Files</Filter>
    </ClCompile>
    <ClCompile Include="_171_vector.cpp">
      <Filter>Source Files</Filter>
    </ClCompile>
    <ClCompile Include="_175_vector.cpp">
      <Filter>Source Files</Filter>
    </ClCompile>
    <ClCompile Include="_177_vector.cpp">
      <Filter>Source Files</Filter>
    </ClCompile>
    <ClCompile Include="_180_vector.cpp">
      <Filter>Source Files</Filter>
    </ClCompile>
    <ClCompile Include="_182_vector.cpp">
      <Filter>Source Files</Filter>
    </ClCompile>
    <ClCompile Include="_184_vector.cpp">
      <Filter>Source Files</Filter>
    </ClCompile>
    <ClCompile Include="_185_vector.cpp">
      <Filter>Source Files</Filter>
    </ClCompile>
    <ClCompile Include="_188_vector.cpp">
      <Filter>Source Files</Filter>
    </ClCompile>
    <ClCompile Include="_190_iterator.cpp">
      <Filter>Source Files</Filter>
    </ClCompile>
    <ClCompile Include="_191_vector.cpp">
      <Filter>Source Files</Filter>
    </ClCompile>
    <ClCompile Include="_192_const_iterator.cpp">
      <Filter>Source Files</Filter>
    </ClCompile>
    <ClCompile Include="_194_const_iterator.cpp">
      <Filter>Source Files</Filter>
    </ClCompile>
    <ClCompile Include="_196_reverse_iterator.cpp">
      <Filter>Source Files</Filter>
    </ClCompile>
    <ClCompile Include="_197_vector.cpp">
      <Filter>Source Files</Filter>
    </ClCompile>
    <ClCompile Include="_199_vector.cpp">
      <Filter>Source Files</Filter>
    </ClCompile>
    <ClCompile Include="_200_vector.cpp">
      <Filter>Source Files</Filter>
    </ClCompile>
    <ClCompile Include="_202_vector.cpp">
      <Filter>Source Files</Filter>
    </ClCompile>
    <ClCompile Include="_203_operator.cpp">
      <Filter>Source Files</Filter>
    </ClCompile>
    <ClCompile Include="_206_deque.cpp">
      <Filter>Source Files</Filter>
    </ClCompile>
  </ItemGroup>
</Project>