<?xml version="1.0" encoding="utf-8"?>
<Project ToolsVersion="4.0" xmlns="http://schemas.microsoft.com/developer/msbuild/2003">
  <ItemGroup>
    <Filter Include="Source Files">
      <UniqueIdentifier>{4FC737F1-C7A5-4376-A066-2A32D752A2FF}</UniqueIdentifier>
      <Extensions>cpp;c;cc;cxx;c++;cppm;ixx;def;odl;idl;hpj;bat;asm;asmx</Extensions>
    </Filter>
    <Filter Include="Header Files">
      <UniqueIdentifier>{93995380-89BD-4b04-88EB-625FBE52EBFB}</UniqueIdentifier>
      <Extensions>h;hh;hpp;hxx;h++;hm;inl;inc;ipp;xsd</Extensions>
    </Filter>
    <Filter Include="Resource Files">
      <UniqueIdentifier>{67DA6AB6-F800-4c08-8B7A-83BB121AAD01}</UniqueIdentifier>
      <Extensions>rc;ico;cur;bmp;dlg;rc2;rct;bin;rgs;gif;jpg;jpeg;jpe;resx;tiff;tif;png;wav;mfcribbon-ms</Extensions>
    </Filter>
  </ItemGroup>
  <ItemGroup>
    <ClCompile Include="_12_OperatorOverloading06.cpp">
      <Filter>Source Files</Filter>
    </ClCompile>
    <ClCompile Include="_13_OperatorOverloading08.cpp">
      <Filter>Source Files</Filter>
    </ClCompile>
    <ClCompile Include="_19_StringClass.cpp">
      <Filter>Source Files</Filter>
    </ClCompile>
    <ClCompile Include="_21_FunctionPointer01.cpp">
      <Filter>Source Files</Filter>
    </ClCompile>
    <ClCompile Include="_22_FunctionPointer03.cpp">
      <Filter>Source Files</Filter>
    </ClCompile>
    <ClCompile Include="_22_FunctionPointer04.cpp">
      <Filter>Source Files</Filter>
    </ClCompile>
    <ClCompile Include="_22_FunctionPointer05.cpp">
      <Filter>Source Files</Filter>
    </ClCompile>
    <ClCompile Include="_23_FunctionPointer06.cpp">
      <Filter>Source Files</Filter>
    </ClCompile>
    <ClCompile Include="_23_FunctionPointer08.cpp">
      <Filter>Source Files</Filter>
    </ClCompile>
    <ClCompile Include="_14_OperatorOverloading10.cpp">
      <Filter>Source Files</Filter>
    </ClCompile>
    <ClCompile Include="_5201_vector.cpp">
      <Filter>Source Files</Filter>
    </ClCompile>
    <ClCompile Include="_5202_iterator.cpp">
      <Filter>Source Files</Filter>
    </ClCompile>
    <ClCompile Include="_5203_iterator2.cpp">
      <Filter>Source Files</Filter>
    </ClCompile>
    <ClCompile Include="_5204_deque.cpp">
      <Filter>Source Files</Filter>
    </ClCompile>
    <ClCompile Include="_5205_find.cpp">
      <Filter>Source Files</Filter>
    </ClCompile>
    <ClCompile Include="_5206_sort.cpp">
      <Filter>Source Files</Filter>
    </ClCompile>
    <ClCompile Include="_5207_sort2.cpp">
      <Filter>Source Files</Filter>
    </ClCompile>
    <ClCompile Include="_5208_stack.cpp">
      <Filter>Source Files</Filter>
    </ClCompile>
    <ClCompile Include="_5209_stack2.cpp">
      <Filter>Source Files</Filter>
    </ClCompile>
    <ClCompile Include="_5210_reverse_iterator1.cpp">
      <Filter>Source Files</Filter>
    </ClCompile>
    <ClCompile Include="_5211_reverse_iterator2.cpp">
      <Filter>Source Files</Filter>
    </ClCompile>
    <ClCompile Include="_5212_iterator3.cpp">
      <Filter>Source Files</Filter>
    </ClCompile>
    <ClCompile Include="_5213_not2.cpp">
      <Filter>Source Files</Filter>
    </ClCompile>
    <ClCompile Include="_5214_allocator.cpp">
      <Filter>Source Files</Filter>
    </ClCompile>
    <ClCompile Include="_6101_vector1.cpp">
      <Filter>Source Files</Filter>
    </ClCompile>
    <ClCompile Include="_6102_vector2.cpp">
      <Filter>Source Files</Filter>
    </ClCompile>
    <ClCompile Include="_6105_reserve1.cpp">
      <Filter>Source Files</Filter>
    </ClCompile>
    <ClCompile Include="_6109_vector9.cpp">
      <Filter>Source Files</Filter>
    </ClCompile>
    <ClCompile Include="_6114_vectorAt.cpp">
      <Filter>Source Files</Filter>
    </ClCompile>
    <ClCompile Include="_6121_iterator.cpp">
      <Filter>Source Files</Filter>
    </ClCompile>
    <ClCompile Include="_6122_vectorInsert1.cpp">
      <Filter>Source Files</Filter>
    </ClCompile>
    <ClCompile Include="_6123_vertorInsert2.cpp">
      <Filter>Source Files</Filter>
    </ClCompile>
    <ClCompile Include="_6124_vectorErase.cpp">
      <Filter>Source Files</Filter>
    </ClCompile>
    <ClCompile Include="_6125_vectorRect.cpp">
      <Filter>Source Files</Filter>
    </ClCompile>
    <ClCompile Include="_6126_vectorEqual.cpp">
      <Filter>Source Files</Filter>
    </ClCompile>
    <ClCompile Include="_3101_Functor.cpp">
      <Filter>Source Files</Filter>
    </ClCompile>
    <ClCompile Include="_3102_Functor02.cpp">
      <Filter>Source Files</Filter>
    </ClCompile>
    <ClCompile Include="_3103_Functor03.cpp">
      <Filter>Source Files</Filter>
    </ClCompile>
    <ClCompile Include="_3104_Functor04.cpp">
      <Filter>Source Files</Filter>
    </ClCompile>
    <ClCompile Include="_3205_FunctorLess.cpp">
      <Filter>Source Files</Filter>
    </ClCompile>
    <ClCompile Include="_3207_FunctorFunctional.cpp">
      <Filter>Source Files</Filter>
    </ClCompile>
    <ClCompile Include="_3208_FunctorFunctional2.cpp">
      <Filter>Source Files</Filter>
    </ClCompile>
  </ItemGroup>
</Project>