<?xml version="1.0" encoding="utf-8"?>
<Project ToolsVersion="4.0" xmlns="http://schemas.microsoft.com/developer/msbuild/2003">
  <ItemGroup>
    <Filter Include="Source Files">
      <UniqueIdentifier>{4FC737F1-C7A5-4376-A066-2A32D752A2FF}</UniqueIdentifier>
      <Extensions>cpp;c;cc;cxx;c++;cppm;ixx;def;odl;idl;hpj;bat;asm;asmx</Extensions>
    </Filter>
    <Filter Include="Header Files">
      <UniqueIdentifier>{93995380-89BD-4b04-88EB-625FBE52EBFB}</UniqueIdentifier>
      <Extensions>h;hh;hpp;hxx;h++;hm;inl;inc;ipp;xsd</Extensions>
    </Filter>
    <Filter Include="Resource Files">
      <UniqueIdentifier>{67DA6AB6-F800-4c08-8B7A-83BB121AAD01}</UniqueIdentifier>
      <Extensions>rc;ico;cur;bmp;dlg;rc2;rct;bin;rgs;gif;jpg;jpeg;jpe;resx;tiff;tif;png;wav;mfcribbon-ms</Extensions>
    </Filter>
  </ItemGroup>
  <ItemGroup>
    <ClCompile Include="STL1_015.cpp">
      <Filter>Source Files</Filter>
    </ClCompile>
    <ClCompile Include="STL1_016.cpp">
      <Filter>Source Files</Filter>
    </ClCompile>
    <ClCompile Include="STL1_020.cpp">
      <Filter>Source Files</Filter>
    </ClCompile>
    <ClCompile Include="STL1_021.cpp">
      <Filter>Source Files</Filter>
    </ClCompile>
    <ClCompile Include="STL1_024.cpp">
      <Filter>Source Files</Filter>
    </ClCompile>
    <ClCompile Include="STL1_025.cpp">
      <Filter>Source Files</Filter>
    </ClCompile>
    <ClCompile Include="STL1_027.cpp">
      <Filter>Source Files</Filter>
    </ClCompile>
    <ClCompile Include="STL1_028.cpp">
      <Filter>Source Files</Filter>
    </ClCompile>
    <ClCompile Include="STL1_032.cpp">
      <Filter>Source Files</Filter>
    </ClCompile>
    <ClCompile Include="STL1_033.cpp">
      <Filter>Source Files</Filter>
    </ClCompile>
    <ClCompile Include="STL1_035.cpp">
      <Filter>Source Files</Filter>
    </ClCompile>
    <ClCompile Include="STL1_037.cpp">
      <Filter>Source Files</Filter>
    </ClCompile>
    <ClCompile Include="STL1_038.cpp">
      <Filter>Source Files</Filter>
    </ClCompile>
    <ClCompile Include="STL1_039.cpp">
      <Filter>Source Files</Filter>
    </ClCompile>
    <ClCompile Include="STL1_042.cpp">
      <Filter>Source Files</Filter>
    </ClCompile>
    <ClCompile Include="STL1_048.cpp">
      <Filter>Source Files</Filter>
    </ClCompile>
    <ClCompile Include="STL1_049.cpp">
      <Filter>Source Files</Filter>
    </ClCompile>
    <ClCompile Include="STL1_051.cpp">
      <Filter>Source Files</Filter>
    </ClCompile>
    <ClCompile Include="STL1_053.cpp">
      <Filter>Source Files</Filter>
    </ClCompile>
    <ClCompile Include="STL1_055.cpp">
      <Filter>Source Files</Filter>
    </ClCompile>
    <ClCompile Include="STL2_059.cpp">
      <Filter>Source Files</Filter>
    </ClCompile>
    <ClCompile Include="STL2_061.cpp">
      <Filter>Source Files</Filter>
    </ClCompile>
    <ClCompile Include="STL2_063.cpp">
      <Filter>Source Files</Filter>
    </ClCompile>
    <ClCompile Include="STL2_065.cpp">
      <Filter>Source Files</Filter>
    </ClCompile>
    <ClCompile Include="STL2_067.cpp">
      <Filter>Source Files</Filter>
    </ClCompile>
    <ClCompile Include="STL2_069.cpp">
      <Filter>Source Files</Filter>
    </ClCompile>
    <ClCompile Include="STL2_071.cpp">
      <Filter>Source Files</Filter>
    </ClCompile>
    <ClCompile Include="STL2_073.cpp">
      <Filter>Source Files</Filter>
    </ClCompile>
    <ClCompile Include="STL3_077.cpp">
      <Filter>Source Files</Filter>
    </ClCompile>
    <ClCompile Include="STL3_078.cpp">
      <Filter>Source Files</Filter>
    </ClCompile>
    <ClCompile Include="STL3_080.cpp">
      <Filter>Source Files</Filter>
    </ClCompile>
    <ClCompile Include="STL3_082.cpp">
      <Filter>Source Files</Filter>
    </ClCompile>
    <ClCompile Include="STL3_083.cpp">
      <Filter>Source Files</Filter>
    </ClCompile>
    <ClCompile Include="STL3_086.cpp">
      <Filter>Source Files</Filter>
    </ClCompile>
    <ClCompile Include="STL3_088.cpp">
      <Filter>Source Files</Filter>
    </ClCompile>
    <ClCompile Include="STL4_091.cpp">
      <Filter>Source Files</Filter>
    </ClCompile>
    <ClCompile Include="STL4_095.cpp">
      <Filter>Source Files</Filter>
    </ClCompile>
    <ClCompile Include="STL4_098.cpp">
      <Filter>Source Files</Filter>
    </ClCompile>
    <ClCompile Include="STL4_100.cpp">
      <Filter>Source Files</Filter>
    </ClCompile>
    <ClCompile Include="STL4_102.cpp">
      <Filter>Source Files</Filter>
    </ClCompile>
    <ClCompile Include="STL4_109.cpp">
      <Filter>Source Files</Filter>
    </ClCompile>
    <ClCompile Include="STL4_114.cpp">
      <Filter>Source Files</Filter>
    </ClCompile>
    <ClCompile Include="STL4_120.cpp">
      <Filter>Source Files</Filter>
    </ClCompile>
    <ClCompile Include="STL4_124.cpp">
      <Filter>Source Files</Filter>
    </ClCompile>
    <ClCompile Include="STL5_135.cpp">
      <Filter>Source Files</Filter>
    </ClCompile>
  </ItemGroup>
</Project>