<?xml version="1.0" encoding="utf-8"?>
<Project ToolsVersion="4.0" xmlns="http://schemas.microsoft.com/developer/msbuild/2003">
  <ItemGroup>
    <Filter Include="Source Files">
      <UniqueIdentifier>{4FC737F1-C7A5-4376-A066-2A32D752A2FF}</UniqueIdentifier>
      <Extensions>cpp;c;cc;cxx;c++;cppm;ixx;def;odl;idl;hpj;bat;asm;asmx</Extensions>
    </Filter>
    <Filter Include="Header Files">
      <UniqueIdentifier>{93995380-89BD-4b04-88EB-625FBE52EBFB}</UniqueIdentifier>
      <Extensions>h;hh;hpp;hxx;h++;hm;inl;inc;ipp;xsd</Extensions>
    </Filter>
    <Filter Include="Resource Files">
      <UniqueIdentifier>{67DA6AB6-F800-4c08-8B7A-83BB121AAD01}</UniqueIdentifier>
      <Extensions>rc;ico;cur;bmp;dlg;rc2;rct;bin;rgs;gif;jpg;jpeg;jpe;resx;tiff;tif;png;wav;mfcribbon-ms</Extensions>
    </Filter>
  </ItemGroup>
  <ItemGroup>
    <ClCompile Include="_01_CBook01.c">
      <Filter>Source Files</Filter>
    </ClCompile>
    <ClCompile Include="_02_CBook03.c">
      <Filter>Source Files</Filter>
    </ClCompile>
    <ClCompile Include="_02_CBook01.c">
      <Filter>Source Files</Filter>
    </ClCompile>
    <ClCompile Include="_05_CBook01.c">
      <Filter>Source Files</Filter>
    </ClCompile>
    <ClCompile Include="_07_CBook01.c">
      <Filter>Source Files</Filter>
    </ClCompile>
    <ClCompile Include="_07_CBook02.c">
      <Filter>Source Files</Filter>
    </ClCompile>
    <ClCompile Include="_07_CBook03.c">
      <Filter>Source Files</Filter>
    </ClCompile>
    <ClCompile Include="_07_CBook04.c">
      <Filter>Source Files</Filter>
    </ClCompile>
    <ClCompile Include="_07_CBook05.c">
      <Filter>Source Files</Filter>
    </ClCompile>
    <ClCompile Include="_07_CBook06.c">
      <Filter>Source Files</Filter>
    </ClCompile>
    <ClCompile Include="_08_CBook01.c">
      <Filter>Source Files</Filter>
    </ClCompile>
    <ClCompile Include="_18_CBook01.c">
      <Filter>Source Files</Filter>
    </ClCompile>
    <ClCompile Include="_18_CBook02.c">
      <Filter>Source Files</Filter>
    </ClCompile>
    <ClCompile Include="_13_CBook01.c">
      <Filter>Source Files</Filter>
    </ClCompile>
    <ClCompile Include="_04_CBook01.c">
      <Filter>Source Files</Filter>
    </ClCompile>
    <ClCompile Include="_06_CBook01.c">
      <Filter>Source Files</Filter>
    </ClCompile>
    <ClCompile Include="_09_CBook01.c">
      <Filter>Source Files</Filter>
    </ClCompile>
    <ClCompile Include="_09_CBook02.c">
      <Filter>Source Files</Filter>
    </ClCompile>
    <ClCompile Include="_09_CBook03.c">
      <Filter>Source Files</Filter>
    </ClCompile>
    <ClCompile Include="_09_CBook04.c">
      <Filter>Source Files</Filter>
    </ClCompile>
    <ClCompile Include="_09_CBook05.c">
      <Filter>Source Files</Filter>
    </ClCompile>
    <ClCompile Include="_09_CBook06.c">
      <Filter>Source Files</Filter>
    </ClCompile>
    <ClCompile Include="_09_CBook07.c">
      <Filter>Source Files</Filter>
    </ClCompile>
    <ClCompile Include="_09_CBook10.c">
      <Filter>Source Files</Filter>
    </ClCompile>
    <ClCompile Include="_09_CBook08.c">
      <Filter>Source Files</Filter>
    </ClCompile>
    <ClCompile Include="_09_CBook09.c">
      <Filter>Source Files</Filter>
    </ClCompile>
    <ClCompile Include="_09_CBook11.c">
      <Filter>Source Files</Filter>
    </ClCompile>
    <ClCompile Include="_09_CBook12.c">
      <Filter>Source Files</Filter>
    </ClCompile>
    <ClCompile Include="_10_CBook01.c">
      <Filter>Source Files</Filter>
    </ClCompile>
    <ClCompile Include="_08_CBook02.c">
      <Filter>Source Files</Filter>
    </ClCompile>
    <ClCompile Include="_09_CBook13.c">
      <Filter>Source Files</Filter>
    </ClCompile>
    <ClCompile Include="_11_CBook01.c">
      <Filter>Source Files</Filter>
    </ClCompile>
    <ClCompile Include="_11_CBook02.c">
      <Filter>Source Files</Filter>
    </ClCompile>
    <ClCompile Include="_11_CBook03.c">
      <Filter>Source Files</Filter>
    </ClCompile>
    <ClCompile Include="_14_CBook01.c">
      <Filter>Source Files</Filter>
    </ClCompile>
    <ClCompile Include="_14_CBook02.c">
      <Filter>Source Files</Filter>
    </ClCompile>
    <ClCompile Include="_14_CBook03.c">
      <Filter>Source Files</Filter>
    </ClCompile>
    <ClCompile Include="_14_CBook04.c">
      <Filter>Source Files</Filter>
    </ClCompile>
    <ClCompile Include="_14_CBook05.c">
      <Filter>Source Files</Filter>
    </ClCompile>
    <ClCompile Include="_14_CBook06.c">
      <Filter>Source Files</Filter>
    </ClCompile>
    <ClCompile Include="_14_CBook07.c">
      <Filter>Source Files</Filter>
    </ClCompile>
    <ClCompile Include="_14_CBook08.c">
      <Filter>Source Files</Filter>
    </ClCompile>
    <ClCompile Include="_12_CBook01.c">
      <Filter>Source Files</Filter>
    </ClCompile>
    <ClCompile Include="_12_CBook02.c">
      <Filter>Source Files</Filter>
    </ClCompile>
    <ClCompile Include="_12_CBook03.c">
      <Filter>Source Files</Filter>
    </ClCompile>
    <ClCompile Include="_12_CBook04.c">
      <Filter>Source Files</Filter>
    </ClCompile>
    <ClCompile Include="Mentor148.c">
      <Filter>Source Files</Filter>
    </ClCompile>
    <ClCompile Include="Mentor154.c">
      <Filter>Source Files</Filter>
    </ClCompile>
    <ClCompile Include="Mentor158.c">
      <Filter>Source Files</Filter>
    </ClCompile>
    <ClCompile Include="Mentor163.c">
      <Filter>Source Files</Filter>
    </ClCompile>
    <ClCompile Include="Mentor174.c">
      <Filter>Source Files</Filter>
    </ClCompile>
    <ClCompile Include="Mentor179.c">
      <Filter>Source Files</Filter>
    </ClCompile>
    <ClCompile Include="Mentor186.c">
      <Filter>Source Files</Filter>
    </ClCompile>
    <ClCompile Include="Mentor188.c">
      <Filter>Source Files</Filter>
    </ClCompile>
    <ClCompile Include="Mentor191.c">
      <Filter>Source Files</Filter>
    </ClCompile>
    <ClCompile Include="Mentor201.c">
      <Filter>Source Files</Filter>
    </ClCompile>
    <ClCompile Include="Mentor205.c">
      <Filter>Source Files</Filter>
    </ClCompile>
    <ClCompile Include="Mentor209.c">
      <Filter>Source Files</Filter>
    </ClCompile>
    <ClCompile Include="Mentor212.c">
      <Filter>Source Files</Filter>
    </ClCompile>
    <ClCompile Include="Mentor223.c">
      <Filter>Source Files</Filter>
    </ClCompile>
    <ClCompile Include="Mentor237.c">
      <Filter>Source Files</Filter>
    </ClCompile>
    <ClCompile Include="Mentor241.c">
      <Filter>Source Files</Filter>
    </ClCompile>
    <ClCompile Include="Mentor250.c">
      <Filter>Source Files</Filter>
    </ClCompile>
    <ClCompile Include="Mentor261.c">
      <Filter>Source Files</Filter>
    </ClCompile>
    <ClCompile Include="Mentor266.c">
      <Filter>Source Files</Filter>
    </ClCompile>
    <ClCompile Include="Mentor275.c">
      <Filter>Source Files</Filter>
    </ClCompile>
    <ClCompile Include="Mentor276.c">
      <Filter>Source Files</Filter>
    </ClCompile>
    <ClCompile Include="Mentor280.c">
      <Filter>Source Files</Filter>
    </ClCompile>
    <ClCompile Include="_484_LinkedList.c">
      <Filter>Source Files</Filter>
    </ClCompile>
  </ItemGroup>
</Project>