<?xml version="1.0" encoding="utf-8"?>
<Project ToolsVersion="4.0" xmlns="http://schemas.microsoft.com/developer/msbuild/2003">
  <ItemGroup>
    <Filter Include="리소스 파일">
      <UniqueIdentifier>{67DA6AB6-F800-4c08-8B7A-83BB121AAD01}</UniqueIdentifier>
      <Extensions>rc;ico;cur;bmp;dlg;rc2;rct;bin;rgs;gif;jpg;jpeg;jpe;resx;tiff;tif;png;wav;mfcribbon-ms</Extensions>
    </Filter>
    <Filter Include="_0203">
      <UniqueIdentifier>{f3263012-d001-476a-87ef-c4d11e2b8278}</UniqueIdentifier>
    </Filter>
    <Filter Include="_0204">
      <UniqueIdentifier>{804b0cfe-8ede-4d67-9937-5570393ce7c2}</UniqueIdentifier>
    </Filter>
  </ItemGroup>
  <ItemGroup>
    <ClCompile Include="main.cpp" />
  </ItemGroup>
  <ItemGroup>
    <ClInclude Include="Single_Responsibility_Principle.h">
      <Filter>_0203</Filter>
    </ClInclude>
    <ClInclude Include="Open_Closed_Principle.h">
      <Filter>_0204</Filter>
    </ClInclude>
  </ItemGroup>
</Project>