<?xml version="1.0" encoding="utf-8"?>
<Project ToolsVersion="4.0" xmlns="http://schemas.microsoft.com/developer/msbuild/2003">
  <ItemGroup>
    <Filter Include="Resource Files">
      <UniqueIdentifier>{67DA6AB6-F800-4c08-8B7A-83BB121AAD01}</UniqueIdentifier>
      <Extensions>rc;ico;cur;bmp;dlg;rc2;rct;bin;rgs;gif;jpg;jpeg;jpe;resx;tiff;tif;png;wav;mfcribbon-ms</Extensions>
    </Filter>
  </ItemGroup>
  <ItemGroup>
    <ClCompile Include="p39_ThreadSafeQueue.cpp" />
    <ClCompile Include="p40_SequentialQueue.cpp" />
    <ClCompile Include="p42_Parallel_STL.cpp" />
    <ClCompile Include="p44_Parallel_foreach.cpp" />
    <ClCompile Include="utils.cpp" />
    <ClCompile Include="p45_Parallel_find.cpp" />
    <ClCompile Include="p47_Parallel_sum.cpp" />
    <ClCompile Include="p82_Simple_thread_poll.cpp" />
  </ItemGroup>
  <ItemGroup>
    <ClInclude Include="common_objs.h" />
    <ClInclude Include="utils.h" />
  </ItemGroup>
</Project>